// !$*UTF8*$!
{
	archiveVersion = 1;
	classes = {
	};
	objectVersion = 50;
	objects = {

/* Begin PBXBuildFile section */
		44224FD623613EDD0087DC42 /* AppDelegate.swift in Sources */ = {isa = PBXBuildFile; fileRef = 44224FD523613EDD0087DC42 /* AppDelegate.swift */; };
		44224FD823613EDD0087DC42 /* SceneDelegate.swift in Sources */ = {isa = PBXBuildFile; fileRef = 44224FD723613EDD0087DC42 /* SceneDelegate.swift */; };
		44224FDA23613EDD0087DC42 /* ViewController.swift in Sources */ = {isa = PBXBuildFile; fileRef = 44224FD923613EDD0087DC42 /* ViewController.swift */; };
		44224FDD23613EDD0087DC42 /* Main.storyboard in Resources */ = {isa = PBXBuildFile; fileRef = 44224FDB23613EDD0087DC42 /* Main.storyboard */; };
		44224FDF23613EDE0087DC42 /* Assets.xcassets in Resources */ = {isa = PBXBuildFile; fileRef = 44224FDE23613EDE0087DC42 /* Assets.xcassets */; };
		44224FE223613EDE0087DC42 /* LaunchScreen.storyboard in Resources */ = {isa = PBXBuildFile; fileRef = 44224FE023613EDE0087DC42 /* LaunchScreen.storyboard */; };
/* End PBXBuildFile section */

/* Begin PBXFileReference section */
		44224FD223613EDD0087DC42 /* mapView2.app */ = {isa = PBXFileReference; explicitFileType = wrapper.application; includeInIndex = 0; path = mapView2.app; sourceTree = BUILT_PRODUCTS_DIR; };
		44224FD523613EDD0087DC42 /* AppDelegate.swift */ = {isa = PBXFileReference; lastKnownFileType = sourcecode.swift; path = AppDelegate.swift; sourceTree = "<group>"; };
		44224FD723613EDD0087DC42 /* SceneDelegate.swift */ = {isa = PBXFileReference; lastKnownFileType = sourcecode.swift; path = SceneDelegate.swift; sourceTree = "<group>"; };
		44224FD923613EDD0087DC42 /* ViewController.swift */ = {isa = PBXFileReference; lastKnownFileType = sourcecode.swift; path = ViewController.swift; sourceTree = "<group>"; };
		44224FDC23613EDD0087DC42 /* Base */ = {isa = PBXFileReference; lastKnownFileType = file.storyboard; name = Base; path = Base.lproj/Main.storyboard; sourceTree = "<group>"; };
		44224FDE23613EDE0087DC42 /* Assets.xcassets */ = {isa = PBXFileReference; lastKnownFileType = folder.assetcatalog; path = Assets.xcassets; sourceTree = "<group>"; };
		44224FE123613EDE0087DC42 /* Base */ = {isa = PBXFileReference; lastKnownFileType = file.storyboard; name = Base; path = Base.lproj/LaunchScreen.storyboard; sourceTree = "<group>"; };
		44224FE323613EDE0087DC42 /* Info.plist */ = {isa = PBXFileReference; lastKnownFileType = text.plist.xml; path = Info.plist; sourceTree = "<group>"; };
/* End PBXFileReference section */

/* Begin PBXFrameworksBuildPhase section */
		44224FCF23613EDD0087DC42 /* Frameworks */ = {
			isa = PBXFrameworksBuildPhase;
			buildActionMask = 2147483647;
			files = (
			);
			runOnlyForDeploymentPostprocessing = 0;
		};
/* End PBXFrameworksBuildPhase section */

/* Begin PBXGroup section */
		44224FC923613EDD0087DC42 = {
			isa = PBXGroup;
			children = (
				44224FD423613EDD0087DC42 /* mapView2 */,
				44224FD323613EDD0087DC42 /* Products */,
			);
			sourceTree = "<group>";
		};
		44224FD323613EDD0087DC42 /* Products */ = {
			isa = PBXGroup;
			children = (
				44224FD223613EDD0087DC42 /* mapView2.app */,
			);
			name = Products;
			sourceTree = "<group>";
		};
		44224FD423613EDD0087DC42 /* mapView2 */ = {
			isa = PBXGroup;
			children = (
				44224FD523613EDD0087DC42 /* AppDelegate.swift */,
				44224FD723613EDD0087DC42 /* SceneDelegate.swift */,
				44224FD923613EDD0087DC42 /* ViewController.swift */,
				44224FDB23613EDD0087DC42 /* Main.storyboard */,
				44224FDE23613EDE0087DC42 /* Assets.xcassets */,
				44224FE023613EDE0087DC42 /* LaunchScreen.storyboard */,
				44224FE323613EDE0087DC42 /* Info.plist */,
			);
			path = mapView2;
			sourceTree = "<group>";
		};
/* End PBXGroup section */

/* Begin PBXNativeTarget section */
		44224FD123613EDD0087DC42 /* mapView2 */ = {
			isa = PBXNativeTarget;
			buildConfigurationList = 44224FE623613EDE0087DC42 /* Build configuration list for PBXNativeTarget "mapView2" */;
			buildPhases = (
				44224FCE23613EDD0087DC42 /* Sources */,
				44224FCF23613EDD0087DC42 /* Frameworks */,
				44224FD023613EDD0087DC42 /* Resources */,
			);
			buildRules = (
			);
			dependencies = (
			);
			name = mapView2;
			productName = mapView2;
			productReference = 44224FD223613EDD0087DC42 /* mapView2.app */;
			productType = "com.apple.product-type.application";
		};
/* End PBXNativeTarget section */

/* Begin PBXProject section */
		44224FCA23613EDD0087DC42 /* Project object */ = {
			isa = PBXProject;
			attributes = {
				LastSwiftUpdateCheck = 1110;
				LastUpgradeCheck = 1110;
				ORGANIZATIONNAME = gooni;
				TargetAttributes = {
					44224FD123613EDD0087DC42 = {
						CreatedOnToolsVersion = 11.1;
					};
				};
			};
			buildConfigurationList = 44224FCD23613EDD0087DC42 /* Build configuration list for PBXProject "mapView2" */;
			compatibilityVersion = "Xcode 9.3";
			developmentRegion = en;
			hasScannedForEncodings = 0;
			knownRegions = (
				en,
				Base,
			);
			mainGroup = 44224FC923613EDD0087DC42;
			productRefGroup = 44224FD323613EDD0087DC42 /* Products */;
			projectDirPath = "";
			projectRoot = "";
			targets = (
				44224FD123613EDD0087DC42 /* mapView2 */,
			);
		};
/* End PBXProject section */

/* Begin PBXResourcesBuildPhase section */
		44224FD023613EDD0087DC42 /* Resources */ = {
			isa = PBXResourcesBuildPhase;
			buildActionMask = 2147483647;
			files = (
				44224FE223613EDE0087DC42 /* LaunchScreen.storyboard in Resources */,
				44224FDF23613EDE0087DC42 /* Assets.xcassets in Resources */,
				44224FDD23613EDD0087DC42 /* Main.storyboard in Resources */,
			);
			runOnlyForDeploymentPostprocessing = 0;
		};
/* End PBXResourcesBuildPhase section */

/* Begin PBXSourcesBuildPhase section */
		44224FCE23613EDD0087DC42 /* Sources */ = {
			isa = PBXSourcesBuildPhase;
			buildActionMask = 2147483647;
			files = (
				44224FDA23613EDD0087DC42 /* ViewController.swift in Sources */,
				44224FD623613EDD0087DC42 /* AppDelegate.swift in Sources */,
				44224FD823613EDD0087DC42 /* SceneDelegate.swift in Sources */,
			);
			runOnlyForDeploymentPostprocessing = 0;
		};
/* End PBXSourcesBuildPhase section */

/* Begin PBXVariantGroup section */
		44224FDB23613EDD0087DC42 /* Main.storyboard */ = {
			isa = PBXVariantGroup;
			children = (
				44224FDC23613EDD0087DC42 /* Base */,
			);
			name = Main.storyboard;
			sourceTree = "<group>";
		};
		44224FE023613EDE0087DC42 /* LaunchScreen.storyboard */ = {
			isa = PBXVariantGroup;
			children = (
				44224FE123613EDE0087DC42 /* Base */,
			);
			name = LaunchScreen.storyboard;
			sourceTree = "<group>";
		};
/* End PBXVariantGroup section */

/* Begin XCBuildConfiguration section */
		44224FE423613EDE0087DC42 /* Debug */ = {
			isa = XCBuildConfiguration;
			buildSettings = {
				ALWAYS_SEARCH_USER_PATHS = NO;
				CLANG_ANALYZER_NONNULL = YES;
				CLANG_ANALYZER_NUMBER_OBJECT_CONVERSION = YES_AGGRESSIVE;
				CLANG_CXX_LANGUAGE_STANDARD = "gnu++14";
				CLANG_CXX_LIBRARY = "libc++";
				CLANG_ENABLE_MODULES = YES;
				CLANG_ENABLE_OBJC_ARC = YES;
				CLANG_ENABLE_OBJC_WEAK = YES;
				CLANG_WARN_BLOCK_CAPTURE_AUTORELEASING = YES;
				CLANG_WARN_BOOL_CONVERSION = YES;
				CLANG_WARN_COMMA = YES;
				CLANG_WARN_CONSTANT_CONVERSION = YES;
				CLANG_WARN_DEPRECATED_OBJC_IMPLEMENTATIONS = YES;
				CLANG_WARN_DIRECT_OBJC_ISA_USAGE = YES_ERROR;
				CLANG_WARN_DOCUMENTATION_COMMENTS = YES;
				CLANG_WARN_EMPTY_BODY = YES;
				CLANG_WARN_ENUM_CONVERSION = YES;
				CLANG_WARN_INFINITE_RECURSION = YES;
				CLANG_WARN_INT_CONVERSION = YES;
				CLANG_WARN_NON_LITERAL_NULL_CONVERSION = YES;
				CLANG_WARN_OBJC_IMPLICIT_RETAIN_SELF = YES;
				CLANG_WARN_OBJC_LITERAL_CONVERSION = YES;
				CLANG_WARN_OBJC_ROOT_CLASS = YES_ERROR;
				CLANG_WARN_RANGE_LOOP_ANALYSIS = YES;
				CLANG_WARN_STRICT_PROTOTYPES = YES;
				CLANG_WARN_SUSPICIOUS_MOVE = YES;
				CLANG_WARN_UNGUARDED_AVAILABILITY = YES_AGGRESSIVE;
				CLANG_WARN_UNREACHABLE_CODE = YES;
				CLANG_WARN__DUPLICATE_METHOD_MATCH = YES;
				COPY_PHASE_STRIP = NO;
				DEBUG_INFORMATION_FORMAT = dwarf;
				ENABLE_STRICT_OBJC_MSGSEND = YES;
				ENABLE_TESTABILITY = YES;
				GCC_C_LANGUAGE_STANDARD = gnu11;
				GCC_DYNAMIC_NO_PIC = NO;
				GCC_NO_COMMON_BLOCKS = YES;
				GCC_OPTIMIZATION_LEVEL = 0;
				GCC_PREPROCESSOR_DEFINITIONS = (
					"DEBUG=1",
					"$(inherited)",
				);
				GCC_WARN_64_TO_32_BIT_CONVERSION = YES;
				GCC_WARN_ABOUT_RETURN_TYPE = YES_ERROR;
				GCC_WARN_UNDECLARED_SELECTOR = YES;
				GCC_WARN_UNINITIALIZED_AUTOS = YES_AGGRESSIVE;
				GCC_WARN_UNUSED_FUNCTION = YES;
				GCC_WARN_UNUSED_VARIABLE = YES;
				IPHONEOS_DEPLOYMENT_TARGET = 13.1;
				MTL_ENABLE_DEBUG_INFO = INCLUDE_SOURCE;
				MTL_FAST_MATH = YES;
				ONLY_ACTIVE_ARCH = YES;
				SDKROOT = iphoneos;
				SWIFT_ACTIVE_COMPILATION_CONDITIONS = DEBUG;
				SWIFT_OPTIMIZATION_LEVEL = "-Onone";
			};
			name = Debug;
		};
		44224FE523613EDE0087DC42 /* Release */ = {
			isa = XCBuildConfiguration;
			buildSettings = {
				ALWAYS_SEARCH_USER_PATHS = NO;
				CLANG_ANALYZER_NONNULL = YES;
				CLANG_ANALYZER_NUMBER_OBJECT_CONVERSION = YES_AGGRESSIVE;
				CLANG_CXX_LANGUAGE_STANDARD = "gnu++14";
				CLANG_CXX_LIBRARY = "libc++";
				CLANG_ENABLE_MODULES = YES;
				CLANG_ENABLE_OBJC_ARC = YES;
				CLANG_ENABLE_OBJC_WEAK = YES;
				CLANG_WARN_BLOCK_CAPTURE_AUTORELEASING = YES;
				CLANG_WARN_BOOL_CONVERSION = YES;
				CLANG_WARN_COMMA = YES;
				CLANG_WARN_CONSTANT_CONVERSION = YES;
				CLANG_WARN_DEPRECATED_OBJC_IMPLEMENTATIONS = YES;
				CLANG_WARN_DIRECT_OBJC_ISA_USAGE = YES_ERROR;
				CLANG_WARN_DOCUMENTATION_COMMENTS = YES;
				CLANG_WARN_EMPTY_BODY = YES;
				CLANG_WARN_ENUM_CONVERSION = YES;
				CLANG_WARN_INFINITE_RECURSION = YES;
				CLANG_WARN_INT_CONVERSION = YES;
				CLANG_WARN_NON_LITERAL_NULL_CONVERSION = YES;
				CLANG_WARN_OBJC_IMPLICIT_RETAIN_SELF = YES;
				CLANG_WARN_OBJC_LITERAL_CONVERSION = YES;
				CLANG_WARN_OBJC_ROOT_CLASS = YES_ERROR;
				CLANG_WARN_RANGE_LOOP_ANALYSIS = YES;
				CLANG_WARN_STRICT_PROTOTYPES = YES;
				CLANG_WARN_SUSPICIOUS_MOVE = YES;
				CLANG_WARN_UNGUARDED_AVAILABILITY = YES_AGGRESSIVE;
				CLANG_WARN_UNREACHABLE_CODE = YES;
				CLANG_WARN__DUPLICATE_METHOD_MATCH = YES;
				COPY_PHASE_STRIP = NO;
				DEBUG_INFORMATION_FORMAT = "dwarf-with-dsym";
				ENABLE_NS_ASSERTIONS = NO;
				ENABLE_STRICT_OBJC_MSGSEND = YES;
				GCC_C_LANGUAGE_STANDARD = gnu11;
				GCC_NO_COMMON_BLOCKS = YES;
				GCC_WARN_64_TO_32_BIT_CONVERSION = YES;
				GCC_WARN_ABOUT_RETURN_TYPE = YES_ERROR;
				GCC_WARN_UNDECLARED_SELECTOR = YES;
				GCC_WARN_UNINITIALIZED_AUTOS = YES_AGGRESSIVE;
				GCC_WARN_UNUSED_FUNCTION = YES;
				GCC_WARN_UNUSED_VARIABLE = YES;
				IPHONEOS_DEPLOYMENT_TARGET = 13.1;
				MTL_ENABLE_DEBUG_INFO = NO;
				MTL_FAST_MATH = YES;
				SDKROOT = iphoneos;
				SWIFT_COMPILATION_MODE = wholemodule;
				SWIFT_OPTIMIZATION_LEVEL = "-O";
				VALIDATE_PRODUCT = YES;
			};
			name = Release;
		};
		44224FE723613EDE0087DC42 /* Debug */ = {
			isa = XCBuildConfiguration;
			buildSettings = {
				ASSETCATALOG_COMPILER_APPICON_NAME = AppIcon;
				CODE_SIGN_STYLE = Automatic;
				INFOPLIST_FILE = mapView2/Info.plist;
				IPHONEOS_DEPLOYMENT_TARGET = 13.1;
				LD_RUNPATH_SEARCH_PATHS = (
					"$(inherited)",
					"@executable_path/Frameworks",
				);
				PRODUCT_BUNDLE_IDENTIFIER = net.macnpc.mapView2;
				PRODUCT_NAME = "$(TARGET_NAME)";
				SWIFT_VERSION = 5.0;
				TARGETED_DEVICE_FAMILY = "1,2";
			};
			name = Debug;
		};
		44224FE823613EDE0087DC42 /* Release */ = {
			isa = XCBuildConfiguration;
			buildSettings = {
				ASSETCATALOG_COMPILER_APPICON_NAME = AppIcon;
				CODE_SIGN_STYLE = Automatic;
				INFOPLIST_FILE = mapView2/Info.plist;
				IPHONEOS_DEPLOYMENT_TARGET = 13.1;
				LD_RUNPATH_SEARCH_PATHS = (
					"$(inherited)",
					"@executable_path/Frameworks",
				);
				PRODUCT_BUNDLE_IDENTIFIER = net.macnpc.mapView2;
				PRODUCT_NAME = "$(TARGET_NAME)";
				SWIFT_VERSION = 5.0;
				TARGETED_DEVICE_FAMILY = "1,2";
			};
			name = Release;
		};
/* End XCBuildConfiguration section */

/* Begin XCConfigurationList section */
		44224FCD23613EDD0087DC42 /* Build configuration list for PBXProject "mapView2" */ = {
			isa = XCConfigurationList;
			buildConfigurations = (
				44224FE423613EDE0087DC42 /* Debug */,
				44224FE523613EDE0087DC42 /* Release */,
			);
			defaultConfigurationIsVisible = 0;
			defaultConfigurationName = Release;
		};
		44224FE623613EDE0087DC42 /* Build configuration list for PBXNativeTarget "mapView2" */ = {
			isa = XCConfigurationList;
			buildConfigurations = (
				44224FE723613EDE0087DC42 /* Debug */,
				44224FE823613EDE0087DC42 /* Release */,
			);
			defaultConfigurationIsVisible = 0;
			defaultConfigurationName = Release;
		};
/* End XCConfigurationList section */
	};
	rootObject = 44224FCA23613EDD0087DC42 /* Project object */;
}
