// !$*UTF8*$!
{
	archiveVersion = 1;
	classes = {
	};
	objectVersion = 50;
	objects = {

/* Begin PBXBuildFile section */
		443D365A237C6BA300FAA201 /* AppDelegate.swift in Sources */ = {isa = PBXBuildFile; fileRef = 443D3659237C6BA300FAA201 /* AppDelegate.swift */; };
		443D365C237C6BA300FAA201 /* ViewController.swift in Sources */ = {isa = PBXBuildFile; fileRef = 443D365B237C6BA300FAA201 /* ViewController.swift */; };
		443D365F237C6BA300FAA201 /* Main.storyboard in Resources */ = {isa = PBXBuildFile; fileRef = 443D365D237C6BA300FAA201 /* Main.storyboard */; };
		443D3661237C6BA500FAA201 /* Assets.xcassets in Resources */ = {isa = PBXBuildFile; fileRef = 443D3660237C6BA500FAA201 /* Assets.xcassets */; };
		443D3664237C6BA500FAA201 /* LaunchScreen.storyboard in Resources */ = {isa = PBXBuildFile; fileRef = 443D3662237C6BA500FAA201 /* LaunchScreen.storyboard */; };
		443D366E237C6CBF00FAA201 /* EditVC.swift in Sources */ = {isa = PBXBuildFile; fileRef = 443D366D237C6CBF00FAA201 /* EditVC.swift */; };
/* End PBXBuildFile section */

/* Begin PBXFileReference section */
		443D3656237C6BA300FAA201 /* SketchNavigation2.app */ = {isa = PBXFileReference; explicitFileType = wrapper.application; includeInIndex = 0; path = SketchNavigation2.app; sourceTree = BUILT_PRODUCTS_DIR; };
		443D3659237C6BA300FAA201 /* AppDelegate.swift */ = {isa = PBXFileReference; lastKnownFileType = sourcecode.swift; path = AppDelegate.swift; sourceTree = "<group>"; };
		443D365B237C6BA300FAA201 /* ViewController.swift */ = {isa = PBXFileReference; lastKnownFileType = sourcecode.swift; path = ViewController.swift; sourceTree = "<group>"; };
		443D365E237C6BA300FAA201 /* Base */ = {isa = PBXFileReference; lastKnownFileType = file.storyboard; name = Base; path = Base.lproj/Main.storyboard; sourceTree = "<group>"; };
		443D3660237C6BA500FAA201 /* Assets.xcassets */ = {isa = PBXFileReference; lastKnownFileType = folder.assetcatalog; path = Assets.xcassets; sourceTree = "<group>"; };
		443D3663237C6BA500FAA201 /* Base */ = {isa = PBXFileReference; lastKnownFileType = file.storyboard; name = Base; path = Base.lproj/LaunchScreen.storyboard; sourceTree = "<group>"; };
		443D3665237C6BA500FAA201 /* Info.plist */ = {isa = PBXFileReference; lastKnownFileType = text.plist.xml; path = Info.plist; sourceTree = "<group>"; };
		443D366D237C6CBF00FAA201 /* EditVC.swift */ = {isa = PBXFileReference; fileEncoding = 4; lastKnownFileType = sourcecode.swift; path = EditVC.swift; sourceTree = "<group>"; };
/* End PBXFileReference section */

/* Begin PBXFrameworksBuildPhase section */
		443D3653237C6BA300FAA201 /* Frameworks */ = {
			isa = PBXFrameworksBuildPhase;
			buildActionMask = 2147483647;
			files = (
			);
			runOnlyForDeploymentPostprocessing = 0;
		};
/* End PBXFrameworksBuildPhase section */

/* Begin PBXGroup section */
		443D364D237C6BA300FAA201 = {
			isa = PBXGroup;
			children = (
				443D3658237C6BA300FAA201 /* SketchNavigation2 */,
				443D3657237C6BA300FAA201 /* Products */,
			);
			sourceTree = "<group>";
		};
		443D3657237C6BA300FAA201 /* Products */ = {
			isa = PBXGroup;
			children = (
				443D3656237C6BA300FAA201 /* SketchNavigation2.app */,
			);
			name = Products;
			sourceTree = "<group>";
		};
		443D3658237C6BA300FAA201 /* SketchNavigation2 */ = {
			isa = PBXGroup;
			children = (
				443D3659237C6BA300FAA201 /* AppDelegate.swift */,
				443D365B237C6BA300FAA201 /* ViewController.swift */,
				443D365D237C6BA300FAA201 /* Main.storyboard */,
				443D366D237C6CBF00FAA201 /* EditVC.swift */,
				443D3660237C6BA500FAA201 /* Assets.xcassets */,
				443D3662237C6BA500FAA201 /* LaunchScreen.storyboard */,
				443D3665237C6BA500FAA201 /* Info.plist */,
			);
			path = SketchNavigation2;
			sourceTree = "<group>";
		};
/* End PBXGroup section */

/* Begin PBXNativeTarget section */
		443D3655237C6BA300FAA201 /* SketchNavigation2 */ = {
			isa = PBXNativeTarget;
			buildConfigurationList = 443D3668237C6BA500FAA201 /* Build configuration list for PBXNativeTarget "SketchNavigation2" */;
			buildPhases = (
				443D3652237C6BA300FAA201 /* Sources */,
				443D3653237C6BA300FAA201 /* Frameworks */,
				443D3654237C6BA300FAA201 /* Resources */,
			);
			buildRules = (
			);
			dependencies = (
			);
			name = SketchNavigation2;
			productName = SketchNavigation2;
			productReference = 443D3656237C6BA300FAA201 /* SketchNavigation2.app */;
			productType = "com.apple.product-type.application";
		};
/* End PBXNativeTarget section */

/* Begin PBXProject section */
		443D364E237C6BA300FAA201 /* Project object */ = {
			isa = PBXProject;
			attributes = {
				LastSwiftUpdateCheck = 1030;
				LastUpgradeCheck = 1030;
				ORGANIZATIONNAME = gooni;
				TargetAttributes = {
					443D3655237C6BA300FAA201 = {
						CreatedOnToolsVersion = 10.3;
					};
				};
			};
			buildConfigurationList = 443D3651237C6BA300FAA201 /* Build configuration list for PBXProject "SketchNavigation2" */;
			compatibilityVersion = "Xcode 9.3";
			developmentRegion = en;
			hasScannedForEncodings = 0;
			knownRegions = (
				en,
				Base,
			);
			mainGroup = 443D364D237C6BA300FAA201;
			productRefGroup = 443D3657237C6BA300FAA201 /* Products */;
			projectDirPath = "";
			projectRoot = "";
			targets = (
				443D3655237C6BA300FAA201 /* SketchNavigation2 */,
			);
		};
/* End PBXProject section */

/* Begin PBXResourcesBuildPhase section */
		443D3654237C6BA300FAA201 /* Resources */ = {
			isa = PBXResourcesBuildPhase;
			buildActionMask = 2147483647;
			files = (
				443D3664237C6BA500FAA201 /* LaunchScreen.storyboard in Resources */,
				443D3661237C6BA500FAA201 /* Assets.xcassets in Resources */,
				443D365F237C6BA300FAA201 /* Main.storyboard in Resources */,
			);
			runOnlyForDeploymentPostprocessing = 0;
		};
/* End PBXResourcesBuildPhase section */

/* Begin PBXSourcesBuildPhase section */
		443D3652237C6BA300FAA201 /* Sources */ = {
			isa = PBXSourcesBuildPhase;
			buildActionMask = 2147483647;
			files = (
				443D365C237C6BA300FAA201 /* ViewController.swift in Sources */,
				443D366E237C6CBF00FAA201 /* EditVC.swift in Sources */,
				443D365A237C6BA300FAA201 /* AppDelegate.swift in Sources */,
			);
			runOnlyForDeploymentPostprocessing = 0;
		};
/* End PBXSourcesBuildPhase section */

/* Begin PBXVariantGroup section */
		443D365D237C6BA300FAA201 /* Main.storyboard */ = {
			isa = PBXVariantGroup;
			children = (
				443D365E237C6BA300FAA201 /* Base */,
			);
			name = Main.storyboard;
			sourceTree = "<group>";
		};
		443D3662237C6BA500FAA201 /* LaunchScreen.storyboard */ = {
			isa = PBXVariantGroup;
			children = (
				443D3663237C6BA500FAA201 /* Base */,
			);
			name = LaunchScreen.storyboard;
			sourceTree = "<group>";
		};
/* End PBXVariantGroup section */

/* Begin XCBuildConfiguration section */
		443D3666237C6BA500FAA201 /* Debug */ = {
			isa = XCBuildConfiguration;
			buildSettings = {
				ALWAYS_SEARCH_USER_PATHS = NO;
				CLANG_ANALYZER_NONNULL = YES;
				CLANG_ANALYZER_NUMBER_OBJECT_CONVERSION = YES_AGGRESSIVE;
				CLANG_CXX_LANGUAGE_STANDARD = "gnu++14";
				CLANG_CXX_LIBRARY = "libc++";
				CLANG_ENABLE_MODULES = YES;
				CLANG_ENABLE_OBJC_ARC = YES;
				CLANG_ENABLE_OBJC_WEAK = YES;
				CLANG_WARN_BLOCK_CAPTURE_AUTORELEASING = YES;
				CLANG_WARN_BOOL_CONVERSION = YES;
				CLANG_WARN_COMMA = YES;
				CLANG_WARN_CONSTANT_CONVERSION = YES;
				CLANG_WARN_DEPRECATED_OBJC_IMPLEMENTATIONS = YES;
				CLANG_WARN_DIRECT_OBJC_ISA_USAGE = YES_ERROR;
				CLANG_WARN_DOCUMENTATION_COMMENTS = YES;
				CLANG_WARN_EMPTY_BODY = YES;
				CLANG_WARN_ENUM_CONVERSION = YES;
				CLANG_WARN_INFINITE_RECURSION = YES;
				CLANG_WARN_INT_CONVERSION = YES;
				CLANG_WARN_NON_LITERAL_NULL_CONVERSION = YES;
				CLANG_WARN_OBJC_IMPLICIT_RETAIN_SELF = YES;
				CLANG_WARN_OBJC_LITERAL_CONVERSION = YES;
				CLANG_WARN_OBJC_ROOT_CLASS = YES_ERROR;
				CLANG_WARN_RANGE_LOOP_ANALYSIS = YES;
				CLANG_WARN_STRICT_PROTOTYPES = YES;
				CLANG_WARN_SUSPICIOUS_MOVE = YES;
				CLANG_WARN_UNGUARDED_AVAILABILITY = YES_AGGRESSIVE;
				CLANG_WARN_UNREACHABLE_CODE = YES;
				CLANG_WARN__DUPLICATE_METHOD_MATCH = YES;
				CODE_SIGN_IDENTITY = "iPhone Developer";
				COPY_PHASE_STRIP = NO;
				DEBUG_INFORMATION_FORMAT = dwarf;
				ENABLE_STRICT_OBJC_MSGSEND = YES;
				ENABLE_TESTABILITY = YES;
				GCC_C_LANGUAGE_STANDARD = gnu11;
				GCC_DYNAMIC_NO_PIC = NO;
				GCC_NO_COMMON_BLOCKS = YES;
				GCC_OPTIMIZATION_LEVEL = 0;
				GCC_PREPROCESSOR_DEFINITIONS = (
					"DEBUG=1",
					"$(inherited)",
				);
				GCC_WARN_64_TO_32_BIT_CONVERSION = YES;
				GCC_WARN_ABOUT_RETURN_TYPE = YES_ERROR;
				GCC_WARN_UNDECLARED_SELECTOR = YES;
				GCC_WARN_UNINITIALIZED_AUTOS = YES_AGGRESSIVE;
				GCC_WARN_UNUSED_FUNCTION = YES;
				GCC_WARN_UNUSED_VARIABLE = YES;
				IPHONEOS_DEPLOYMENT_TARGET = 12.4;
				MTL_ENABLE_DEBUG_INFO = INCLUDE_SOURCE;
				MTL_FAST_MATH = YES;
				ONLY_ACTIVE_ARCH = YES;
				SDKROOT = iphoneos;
				SWIFT_ACTIVE_COMPILATION_CONDITIONS = DEBUG;
				SWIFT_OPTIMIZATION_LEVEL = "-Onone";
			};
			name = Debug;
		};
		443D3667237C6BA500FAA201 /* Release */ = {
			isa = XCBuildConfiguration;
			buildSettings = {
				ALWAYS_SEARCH_USER_PATHS = NO;
				CLANG_ANALYZER_NONNULL = YES;
				CLANG_ANALYZER_NUMBER_OBJECT_CONVERSION = YES_AGGRESSIVE;
				CLANG_CXX_LANGUAGE_STANDARD = "gnu++14";
				CLANG_CXX_LIBRARY = "libc++";
				CLANG_ENABLE_MODULES = YES;
				CLANG_ENABLE_OBJC_ARC = YES;
				CLANG_ENABLE_OBJC_WEAK = YES;
				CLANG_WARN_BLOCK_CAPTURE_AUTORELEASING = YES;
				CLANG_WARN_BOOL_CONVERSION = YES;
				CLANG_WARN_COMMA = YES;
				CLANG_WARN_CONSTANT_CONVERSION = YES;
				CLANG_WARN_DEPRECATED_OBJC_IMPLEMENTATIONS = YES;
				CLANG_WARN_DIRECT_OBJC_ISA_USAGE = YES_ERROR;
				CLANG_WARN_DOCUMENTATION_COMMENTS = YES;
				CLANG_WARN_EMPTY_BODY = YES;
				CLANG_WARN_ENUM_CONVERSION = YES;
				CLANG_WARN_INFINITE_RECURSION = YES;
				CLANG_WARN_INT_CONVERSION = YES;
				CLANG_WARN_NON_LITERAL_NULL_CONVERSION = YES;
				CLANG_WARN_OBJC_IMPLICIT_RETAIN_SELF = YES;
				CLANG_WARN_OBJC_LITERAL_CONVERSION = YES;
				CLANG_WARN_OBJC_ROOT_CLASS = YES_ERROR;
				CLANG_WARN_RANGE_LOOP_ANALYSIS = YES;
				CLANG_WARN_STRICT_PROTOTYPES = YES;
				CLANG_WARN_SUSPICIOUS_MOVE = YES;
				CLANG_WARN_UNGUARDED_AVAILABILITY = YES_AGGRESSIVE;
				CLANG_WARN_UNREACHABLE_CODE = YES;
				CLANG_WARN__DUPLICATE_METHOD_MATCH = YES;
				CODE_SIGN_IDENTITY = "iPhone Developer";
				COPY_PHASE_STRIP = NO;
				DEBUG_INFORMATION_FORMAT = "dwarf-with-dsym";
				ENABLE_NS_ASSERTIONS = NO;
				ENABLE_STRICT_OBJC_MSGSEND = YES;
				GCC_C_LANGUAGE_STANDARD = gnu11;
				GCC_NO_COMMON_BLOCKS = YES;
				GCC_WARN_64_TO_32_BIT_CONVERSION = YES;
				GCC_WARN_ABOUT_RETURN_TYPE = YES_ERROR;
				GCC_WARN_UNDECLARED_SELECTOR = YES;
				GCC_WARN_UNINITIALIZED_AUTOS = YES_AGGRESSIVE;
				GCC_WARN_UNUSED_FUNCTION = YES;
				GCC_WARN_UNUSED_VARIABLE = YES;
				IPHONEOS_DEPLOYMENT_TARGET = 12.4;
				MTL_ENABLE_DEBUG_INFO = NO;
				MTL_FAST_MATH = YES;
				SDKROOT = iphoneos;
				SWIFT_COMPILATION_MODE = wholemodule;
				SWIFT_OPTIMIZATION_LEVEL = "-O";
				VALIDATE_PRODUCT = YES;
			};
			name = Release;
		};
		443D3669237C6BA500FAA201 /* Debug */ = {
			isa = XCBuildConfiguration;
			buildSettings = {
				ASSETCATALOG_COMPILER_APPICON_NAME = AppIcon;
				CODE_SIGN_STYLE = Automatic;
				INFOPLIST_FILE = SketchNavigation2/Info.plist;
				LD_RUNPATH_SEARCH_PATHS = (
					"$(inherited)",
					"@executable_path/Frameworks",
				);
				PRODUCT_BUNDLE_IDENTIFIER = net.macnpc.SketchNavigation2;
				PRODUCT_NAME = "$(TARGET_NAME)";
				SWIFT_VERSION = 5.0;
				TARGETED_DEVICE_FAMILY = "1,2";
			};
			name = Debug;
		};
		443D366A237C6BA500FAA201 /* Release */ = {
			isa = XCBuildConfiguration;
			buildSettings = {
				ASSETCATALOG_COMPILER_APPICON_NAME = AppIcon;
				CODE_SIGN_STYLE = Automatic;
				INFOPLIST_FILE = SketchNavigation2/Info.plist;
				LD_RUNPATH_SEARCH_PATHS = (
					"$(inherited)",
					"@executable_path/Frameworks",
				);
				PRODUCT_BUNDLE_IDENTIFIER = net.macnpc.SketchNavigation2;
				PRODUCT_NAME = "$(TARGET_NAME)";
				SWIFT_VERSION = 5.0;
				TARGETED_DEVICE_FAMILY = "1,2";
			};
			name = Release;
		};
/* End XCBuildConfiguration section */

/* Begin XCConfigurationList section */
		443D3651237C6BA300FAA201 /* Build configuration list for PBXProject "SketchNavigation2" */ = {
			isa = XCConfigurationList;
			buildConfigurations = (
				443D3666237C6BA500FAA201 /* Debug */,
				443D3667237C6BA500FAA201 /* Release */,
			);
			defaultConfigurationIsVisible = 0;
			defaultConfigurationName = Release;
		};
		443D3668237C6BA500FAA201 /* Build configuration list for PBXNativeTarget "SketchNavigation2" */ = {
			isa = XCConfigurationList;
			buildConfigurations = (
				443D3669237C6BA500FAA201 /* Debug */,
				443D366A237C6BA500FAA201 /* Release */,
			);
			defaultConfigurationIsVisible = 0;
			defaultConfigurationName = Release;
		};
/* End XCConfigurationList section */
	};
	rootObject = 443D364E237C6BA300FAA201 /* Project object */;
}
