// !$*UTF8*$!
{
	archiveVersion = 1;
	classes = {
	};
	objectVersion = 50;
	objects = {

/* Begin PBXBuildFile section */
		440E5DB62361D08000C7FE3F /* christmas.mov in Resources */ = {isa = PBXBuildFile; fileRef = 440E5DB52361D08000C7FE3F /* christmas.mov */; };
		513524E3235E988900E5F4E7 /* AppDelegate.swift in Sources */ = {isa = PBXBuildFile; fileRef = 513524E2235E988900E5F4E7 /* AppDelegate.swift */; };
		513524E5235E988900E5F4E7 /* ViewController.swift in Sources */ = {isa = PBXBuildFile; fileRef = 513524E4235E988900E5F4E7 /* ViewController.swift */; };
		513524E8235E988900E5F4E7 /* Main.storyboard in Resources */ = {isa = PBXBuildFile; fileRef = 513524E6235E988900E5F4E7 /* Main.storyboard */; };
		513524EA235E988A00E5F4E7 /* Assets.xcassets in Resources */ = {isa = PBXBuildFile; fileRef = 513524E9235E988A00E5F4E7 /* Assets.xcassets */; };
		513524ED235E988A00E5F4E7 /* LaunchScreen.storyboard in Resources */ = {isa = PBXBuildFile; fileRef = 513524EB235E988A00E5F4E7 /* LaunchScreen.storyboard */; };
		513524F8235E988A00E5F4E7 /* VideoPlayerTests.swift in Sources */ = {isa = PBXBuildFile; fileRef = 513524F7235E988A00E5F4E7 /* VideoPlayerTests.swift */; };
		51352503235E988A00E5F4E7 /* VideoPlayerUITests.swift in Sources */ = {isa = PBXBuildFile; fileRef = 51352502235E988A00E5F4E7 /* VideoPlayerUITests.swift */; };
/* End PBXBuildFile section */

/* Begin PBXContainerItemProxy section */
		513524F4235E988A00E5F4E7 /* PBXContainerItemProxy */ = {
			isa = PBXContainerItemProxy;
			containerPortal = 513524D7235E988900E5F4E7 /* Project object */;
			proxyType = 1;
			remoteGlobalIDString = 513524DE235E988900E5F4E7;
			remoteInfo = VideoPlayer;
		};
		513524FF235E988A00E5F4E7 /* PBXContainerItemProxy */ = {
			isa = PBXContainerItemProxy;
			containerPortal = 513524D7235E988900E5F4E7 /* Project object */;
			proxyType = 1;
			remoteGlobalIDString = 513524DE235E988900E5F4E7;
			remoteInfo = VideoPlayer;
		};
/* End PBXContainerItemProxy section */

/* Begin PBXFileReference section */
		440E5DB52361D08000C7FE3F /* christmas.mov */ = {isa = PBXFileReference; lastKnownFileType = video.quicktime; path = christmas.mov; sourceTree = "<group>"; };
		513524DF235E988900E5F4E7 /* VideoPlayer.app */ = {isa = PBXFileReference; explicitFileType = wrapper.application; includeInIndex = 0; path = VideoPlayer.app; sourceTree = BUILT_PRODUCTS_DIR; };
		513524E2235E988900E5F4E7 /* AppDelegate.swift */ = {isa = PBXFileReference; lastKnownFileType = sourcecode.swift; path = AppDelegate.swift; sourceTree = "<group>"; };
		513524E4235E988900E5F4E7 /* ViewController.swift */ = {isa = PBXFileReference; lastKnownFileType = sourcecode.swift; path = ViewController.swift; sourceTree = "<group>"; };
		513524E7235E988900E5F4E7 /* Base */ = {isa = PBXFileReference; lastKnownFileType = file.storyboard; name = Base; path = Base.lproj/Main.storyboard; sourceTree = "<group>"; };
		513524E9235E988A00E5F4E7 /* Assets.xcassets */ = {isa = PBXFileReference; lastKnownFileType = folder.assetcatalog; path = Assets.xcassets; sourceTree = "<group>"; };
		513524EC235E988A00E5F4E7 /* Base */ = {isa = PBXFileReference; lastKnownFileType = file.storyboard; name = Base; path = Base.lproj/LaunchScreen.storyboard; sourceTree = "<group>"; };
		513524EE235E988A00E5F4E7 /* Info.plist */ = {isa = PBXFileReference; lastKnownFileType = text.plist.xml; path = Info.plist; sourceTree = "<group>"; };
		513524F3235E988A00E5F4E7 /* VideoPlayerTests.xctest */ = {isa = PBXFileReference; explicitFileType = wrapper.cfbundle; includeInIndex = 0; path = VideoPlayerTests.xctest; sourceTree = BUILT_PRODUCTS_DIR; };
		513524F7235E988A00E5F4E7 /* VideoPlayerTests.swift */ = {isa = PBXFileReference; lastKnownFileType = sourcecode.swift; path = VideoPlayerTests.swift; sourceTree = "<group>"; };
		513524F9235E988A00E5F4E7 /* Info.plist */ = {isa = PBXFileReference; lastKnownFileType = text.plist.xml; path = Info.plist; sourceTree = "<group>"; };
		513524FE235E988A00E5F4E7 /* VideoPlayerUITests.xctest */ = {isa = PBXFileReference; explicitFileType = wrapper.cfbundle; includeInIndex = 0; path = VideoPlayerUITests.xctest; sourceTree = BUILT_PRODUCTS_DIR; };
		51352502235E988A00E5F4E7 /* VideoPlayerUITests.swift */ = {isa = PBXFileReference; lastKnownFileType = sourcecode.swift; path = VideoPlayerUITests.swift; sourceTree = "<group>"; };
		51352504235E988A00E5F4E7 /* Info.plist */ = {isa = PBXFileReference; lastKnownFileType = text.plist.xml; path = Info.plist; sourceTree = "<group>"; };
/* End PBXFileReference section */

/* Begin PBXFrameworksBuildPhase section */
		513524DC235E988900E5F4E7 /* Frameworks */ = {
			isa = PBXFrameworksBuildPhase;
			buildActionMask = 2147483647;
			files = (
			);
			runOnlyForDeploymentPostprocessing = 0;
		};
		513524F0235E988A00E5F4E7 /* Frameworks */ = {
			isa = PBXFrameworksBuildPhase;
			buildActionMask = 2147483647;
			files = (
			);
			runOnlyForDeploymentPostprocessing = 0;
		};
		513524FB235E988A00E5F4E7 /* Frameworks */ = {
			isa = PBXFrameworksBuildPhase;
			buildActionMask = 2147483647;
			files = (
			);
			runOnlyForDeploymentPostprocessing = 0;
		};
/* End PBXFrameworksBuildPhase section */

/* Begin PBXGroup section */
		513524D6235E988900E5F4E7 = {
			isa = PBXGroup;
			children = (
				513524E1235E988900E5F4E7 /* VideoPlayer */,
				513524F6235E988A00E5F4E7 /* VideoPlayerTests */,
				51352501235E988A00E5F4E7 /* VideoPlayerUITests */,
				513524E0235E988900E5F4E7 /* Products */,
			);
			sourceTree = "<group>";
		};
		513524E0235E988900E5F4E7 /* Products */ = {
			isa = PBXGroup;
			children = (
				513524DF235E988900E5F4E7 /* VideoPlayer.app */,
				513524F3235E988A00E5F4E7 /* VideoPlayerTests.xctest */,
				513524FE235E988A00E5F4E7 /* VideoPlayerUITests.xctest */,
			);
			name = Products;
			sourceTree = "<group>";
		};
		513524E1235E988900E5F4E7 /* VideoPlayer */ = {
			isa = PBXGroup;
			children = (
				440E5DB52361D08000C7FE3F /* christmas.mov */,
				513524E2235E988900E5F4E7 /* AppDelegate.swift */,
				513524E4235E988900E5F4E7 /* ViewController.swift */,
				513524E6235E988900E5F4E7 /* Main.storyboard */,
				513524E9235E988A00E5F4E7 /* Assets.xcassets */,
				513524EB235E988A00E5F4E7 /* LaunchScreen.storyboard */,
				513524EE235E988A00E5F4E7 /* Info.plist */,
			);
			path = VideoPlayer;
			sourceTree = "<group>";
		};
		513524F6235E988A00E5F4E7 /* VideoPlayerTests */ = {
			isa = PBXGroup;
			children = (
				513524F7235E988A00E5F4E7 /* VideoPlayerTests.swift */,
				513524F9235E988A00E5F4E7 /* Info.plist */,
			);
			path = VideoPlayerTests;
			sourceTree = "<group>";
		};
		51352501235E988A00E5F4E7 /* VideoPlayerUITests */ = {
			isa = PBXGroup;
			children = (
				51352502235E988A00E5F4E7 /* VideoPlayerUITests.swift */,
				51352504235E988A00E5F4E7 /* Info.plist */,
			);
			path = VideoPlayerUITests;
			sourceTree = "<group>";
		};
/* End PBXGroup section */

/* Begin PBXNativeTarget section */
		513524DE235E988900E5F4E7 /* VideoPlayer */ = {
			isa = PBXNativeTarget;
			buildConfigurationList = 51352507235E988A00E5F4E7 /* Build configuration list for PBXNativeTarget "VideoPlayer" */;
			buildPhases = (
				513524DB235E988900E5F4E7 /* Sources */,
				513524DC235E988900E5F4E7 /* Frameworks */,
				513524DD235E988900E5F4E7 /* Resources */,
			);
			buildRules = (
			);
			dependencies = (
			);
			name = VideoPlayer;
			productName = VideoPlayer;
			productReference = 513524DF235E988900E5F4E7 /* VideoPlayer.app */;
			productType = "com.apple.product-type.application";
		};
		513524F2235E988A00E5F4E7 /* VideoPlayerTests */ = {
			isa = PBXNativeTarget;
			buildConfigurationList = 5135250A235E988A00E5F4E7 /* Build configuration list for PBXNativeTarget "VideoPlayerTests" */;
			buildPhases = (
				513524EF235E988A00E5F4E7 /* Sources */,
				513524F0235E988A00E5F4E7 /* Frameworks */,
				513524F1235E988A00E5F4E7 /* Resources */,
			);
			buildRules = (
			);
			dependencies = (
				513524F5235E988A00E5F4E7 /* PBXTargetDependency */,
			);
			name = VideoPlayerTests;
			productName = VideoPlayerTests;
			productReference = 513524F3235E988A00E5F4E7 /* VideoPlayerTests.xctest */;
			productType = "com.apple.product-type.bundle.unit-test";
		};
		513524FD235E988A00E5F4E7 /* VideoPlayerUITests */ = {
			isa = PBXNativeTarget;
			buildConfigurationList = 5135250D235E988A00E5F4E7 /* Build configuration list for PBXNativeTarget "VideoPlayerUITests" */;
			buildPhases = (
				513524FA235E988A00E5F4E7 /* Sources */,
				513524FB235E988A00E5F4E7 /* Frameworks */,
				513524FC235E988A00E5F4E7 /* Resources */,
			);
			buildRules = (
			);
			dependencies = (
				51352500235E988A00E5F4E7 /* PBXTargetDependency */,
			);
			name = VideoPlayerUITests;
			productName = VideoPlayerUITests;
			productReference = 513524FE235E988A00E5F4E7 /* VideoPlayerUITests.xctest */;
			productType = "com.apple.product-type.bundle.ui-testing";
		};
/* End PBXNativeTarget section */

/* Begin PBXProject section */
		513524D7235E988900E5F4E7 /* Project object */ = {
			isa = PBXProject;
			attributes = {
				LastSwiftUpdateCheck = 0940;
				LastUpgradeCheck = 0940;
				ORGANIZATIONNAME = 20145147;
				TargetAttributes = {
					513524DE235E988900E5F4E7 = {
						CreatedOnToolsVersion = 9.4.1;
					};
					513524F2235E988A00E5F4E7 = {
						CreatedOnToolsVersion = 9.4.1;
						TestTargetID = 513524DE235E988900E5F4E7;
					};
					513524FD235E988A00E5F4E7 = {
						CreatedOnToolsVersion = 9.4.1;
						TestTargetID = 513524DE235E988900E5F4E7;
					};
				};
			};
			buildConfigurationList = 513524DA235E988900E5F4E7 /* Build configuration list for PBXProject "VideoPlayer" */;
			compatibilityVersion = "Xcode 9.3";
			developmentRegion = en;
			hasScannedForEncodings = 0;
			knownRegions = (
				en,
				Base,
			);
			mainGroup = 513524D6235E988900E5F4E7;
			productRefGroup = 513524E0235E988900E5F4E7 /* Products */;
			projectDirPath = "";
			projectRoot = "";
			targets = (
				513524DE235E988900E5F4E7 /* VideoPlayer */,
				513524F2235E988A00E5F4E7 /* VideoPlayerTests */,
				513524FD235E988A00E5F4E7 /* VideoPlayerUITests */,
			);
		};
/* End PBXProject section */

/* Begin PBXResourcesBuildPhase section */
		513524DD235E988900E5F4E7 /* Resources */ = {
			isa = PBXResourcesBuildPhase;
			buildActionMask = 2147483647;
			files = (
				513524ED235E988A00E5F4E7 /* LaunchScreen.storyboard in Resources */,
				513524EA235E988A00E5F4E7 /* Assets.xcassets in Resources */,
				513524E8235E988900E5F4E7 /* Main.storyboard in Resources */,
				440E5DB62361D08000C7FE3F /* christmas.mov in Resources */,
			);
			runOnlyForDeploymentPostprocessing = 0;
		};
		513524F1235E988A00E5F4E7 /* Resources */ = {
			isa = PBXResourcesBuildPhase;
			buildActionMask = 2147483647;
			files = (
			);
			runOnlyForDeploymentPostprocessing = 0;
		};
		513524FC235E988A00E5F4E7 /* Resources */ = {
			isa = PBXResourcesBuildPhase;
			buildActionMask = 2147483647;
			files = (
			);
			runOnlyForDeploymentPostprocessing = 0;
		};
/* End PBXResourcesBuildPhase section */

/* Begin PBXSourcesBuildPhase section */
		513524DB235E988900E5F4E7 /* Sources */ = {
			isa = PBXSourcesBuildPhase;
			buildActionMask = 2147483647;
			files = (
				513524E5235E988900E5F4E7 /* ViewController.swift in Sources */,
				513524E3235E988900E5F4E7 /* AppDelegate.swift in Sources */,
			);
			runOnlyForDeploymentPostprocessing = 0;
		};
		513524EF235E988A00E5F4E7 /* Sources */ = {
			isa = PBXSourcesBuildPhase;
			buildActionMask = 2147483647;
			files = (
				513524F8235E988A00E5F4E7 /* VideoPlayerTests.swift in Sources */,
			);
			runOnlyForDeploymentPostprocessing = 0;
		};
		513524FA235E988A00E5F4E7 /* Sources */ = {
			isa = PBXSourcesBuildPhase;
			buildActionMask = 2147483647;
			files = (
				51352503235E988A00E5F4E7 /* VideoPlayerUITests.swift in Sources */,
			);
			runOnlyForDeploymentPostprocessing = 0;
		};
/* End PBXSourcesBuildPhase section */

/* Begin PBXTargetDependency section */
		513524F5235E988A00E5F4E7 /* PBXTargetDependency */ = {
			isa = PBXTargetDependency;
			target = 513524DE235E988900E5F4E7 /* VideoPlayer */;
			targetProxy = 513524F4235E988A00E5F4E7 /* PBXContainerItemProxy */;
		};
		51352500235E988A00E5F4E7 /* PBXTargetDependency */ = {
			isa = PBXTargetDependency;
			target = 513524DE235E988900E5F4E7 /* VideoPlayer */;
			targetProxy = 513524FF235E988A00E5F4E7 /* PBXContainerItemProxy */;
		};
/* End PBXTargetDependency section */

/* Begin PBXVariantGroup section */
		513524E6235E988900E5F4E7 /* Main.storyboard */ = {
			isa = PBXVariantGroup;
			children = (
				513524E7235E988900E5F4E7 /* Base */,
			);
			name = Main.storyboard;
			sourceTree = "<group>";
		};
		513524EB235E988A00E5F4E7 /* LaunchScreen.storyboard */ = {
			isa = PBXVariantGroup;
			children = (
				513524EC235E988A00E5F4E7 /* Base */,
			);
			name = LaunchScreen.storyboard;
			sourceTree = "<group>";
		};
/* End PBXVariantGroup section */

/* Begin XCBuildConfiguration section */
		51352505235E988A00E5F4E7 /* Debug */ = {
			isa = XCBuildConfiguration;
			buildSettings = {
				ALWAYS_SEARCH_USER_PATHS = NO;
				CLANG_ANALYZER_NONNULL = YES;
				CLANG_ANALYZER_NUMBER_OBJECT_CONVERSION = YES_AGGRESSIVE;
				CLANG_CXX_LANGUAGE_STANDARD = "gnu++14";
				CLANG_CXX_LIBRARY = "libc++";
				CLANG_ENABLE_MODULES = YES;
				CLANG_ENABLE_OBJC_ARC = YES;
				CLANG_ENABLE_OBJC_WEAK = YES;
				CLANG_WARN_BLOCK_CAPTURE_AUTORELEASING = YES;
				CLANG_WARN_BOOL_CONVERSION = YES;
				CLANG_WARN_COMMA = YES;
				CLANG_WARN_CONSTANT_CONVERSION = YES;
				CLANG_WARN_DEPRECATED_OBJC_IMPLEMENTATIONS = YES;
				CLANG_WARN_DIRECT_OBJC_ISA_USAGE = YES_ERROR;
				CLANG_WARN_DOCUMENTATION_COMMENTS = YES;
				CLANG_WARN_EMPTY_BODY = YES;
				CLANG_WARN_ENUM_CONVERSION = YES;
				CLANG_WARN_INFINITE_RECURSION = YES;
				CLANG_WARN_INT_CONVERSION = YES;
				CLANG_WARN_NON_LITERAL_NULL_CONVERSION = YES;
				CLANG_WARN_OBJC_IMPLICIT_RETAIN_SELF = YES;
				CLANG_WARN_OBJC_LITERAL_CONVERSION = YES;
				CLANG_WARN_OBJC_ROOT_CLASS = YES_ERROR;
				CLANG_WARN_RANGE_LOOP_ANALYSIS = YES;
				CLANG_WARN_STRICT_PROTOTYPES = YES;
				CLANG_WARN_SUSPICIOUS_MOVE = YES;
				CLANG_WARN_UNGUARDED_AVAILABILITY = YES_AGGRESSIVE;
				CLANG_WARN_UNREACHABLE_CODE = YES;
				CLANG_WARN__DUPLICATE_METHOD_MATCH = YES;
				CODE_SIGN_IDENTITY = "iPhone Developer";
				COPY_PHASE_STRIP = NO;
				DEBUG_INFORMATION_FORMAT = dwarf;
				ENABLE_STRICT_OBJC_MSGSEND = YES;
				ENABLE_TESTABILITY = YES;
				GCC_C_LANGUAGE_STANDARD = gnu11;
				GCC_DYNAMIC_NO_PIC = NO;
				GCC_NO_COMMON_BLOCKS = YES;
				GCC_OPTIMIZATION_LEVEL = 0;
				GCC_PREPROCESSOR_DEFINITIONS = (
					"DEBUG=1",
					"$(inherited)",
				);
				GCC_WARN_64_TO_32_BIT_CONVERSION = YES;
				GCC_WARN_ABOUT_RETURN_TYPE = YES_ERROR;
				GCC_WARN_UNDECLARED_SELECTOR = YES;
				GCC_WARN_UNINITIALIZED_AUTOS = YES_AGGRESSIVE;
				GCC_WARN_UNUSED_FUNCTION = YES;
				GCC_WARN_UNUSED_VARIABLE = YES;
				IPHONEOS_DEPLOYMENT_TARGET = 11.4;
				MTL_ENABLE_DEBUG_INFO = YES;
				ONLY_ACTIVE_ARCH = YES;
				SDKROOT = iphoneos;
				SWIFT_ACTIVE_COMPILATION_CONDITIONS = DEBUG;
				SWIFT_OPTIMIZATION_LEVEL = "-Onone";
			};
			name = Debug;
		};
		51352506235E988A00E5F4E7 /* Release */ = {
			isa = XCBuildConfiguration;
			buildSettings = {
				ALWAYS_SEARCH_USER_PATHS = NO;
				CLANG_ANALYZER_NONNULL = YES;
				CLANG_ANALYZER_NUMBER_OBJECT_CONVERSION = YES_AGGRESSIVE;
				CLANG_CXX_LANGUAGE_STANDARD = "gnu++14";
				CLANG_CXX_LIBRARY = "libc++";
				CLANG_ENABLE_MODULES = YES;
				CLANG_ENABLE_OBJC_ARC = YES;
				CLANG_ENABLE_OBJC_WEAK = YES;
				CLANG_WARN_BLOCK_CAPTURE_AUTORELEASING = YES;
				CLANG_WARN_BOOL_CONVERSION = YES;
				CLANG_WARN_COMMA = YES;
				CLANG_WARN_CONSTANT_CONVERSION = YES;
				CLANG_WARN_DEPRECATED_OBJC_IMPLEMENTATIONS = YES;
				CLANG_WARN_DIRECT_OBJC_ISA_USAGE = YES_ERROR;
				CLANG_WARN_DOCUMENTATION_COMMENTS = YES;
				CLANG_WARN_EMPTY_BODY = YES;
				CLANG_WARN_ENUM_CONVERSION = YES;
				CLANG_WARN_INFINITE_RECURSION = YES;
				CLANG_WARN_INT_CONVERSION = YES;
				CLANG_WARN_NON_LITERAL_NULL_CONVERSION = YES;
				CLANG_WARN_OBJC_IMPLICIT_RETAIN_SELF = YES;
				CLANG_WARN_OBJC_LITERAL_CONVERSION = YES;
				CLANG_WARN_OBJC_ROOT_CLASS = YES_ERROR;
				CLANG_WARN_RANGE_LOOP_ANALYSIS = YES;
				CLANG_WARN_STRICT_PROTOTYPES = YES;
				CLANG_WARN_SUSPICIOUS_MOVE = YES;
				CLANG_WARN_UNGUARDED_AVAILABILITY = YES_AGGRESSIVE;
				CLANG_WARN_UNREACHABLE_CODE = YES;
				CLANG_WARN__DUPLICATE_METHOD_MATCH = YES;
				CODE_SIGN_IDENTITY = "iPhone Developer";
				COPY_PHASE_STRIP = NO;
				DEBUG_INFORMATION_FORMAT = "dwarf-with-dsym";
				ENABLE_NS_ASSERTIONS = NO;
				ENABLE_STRICT_OBJC_MSGSEND = YES;
				GCC_C_LANGUAGE_STANDARD = gnu11;
				GCC_NO_COMMON_BLOCKS = YES;
				GCC_WARN_64_TO_32_BIT_CONVERSION = YES;
				GCC_WARN_ABOUT_RETURN_TYPE = YES_ERROR;
				GCC_WARN_UNDECLARED_SELECTOR = YES;
				GCC_WARN_UNINITIALIZED_AUTOS = YES_AGGRESSIVE;
				GCC_WARN_UNUSED_FUNCTION = YES;
				GCC_WARN_UNUSED_VARIABLE = YES;
				IPHONEOS_DEPLOYMENT_TARGET = 11.4;
				MTL_ENABLE_DEBUG_INFO = NO;
				SDKROOT = iphoneos;
				SWIFT_COMPILATION_MODE = wholemodule;
				SWIFT_OPTIMIZATION_LEVEL = "-O";
				VALIDATE_PRODUCT = YES;
			};
			name = Release;
		};
		51352508235E988A00E5F4E7 /* Debug */ = {
			isa = XCBuildConfiguration;
			buildSettings = {
				ASSETCATALOG_COMPILER_APPICON_NAME = AppIcon;
				CODE_SIGN_STYLE = Automatic;
				INFOPLIST_FILE = VideoPlayer/Info.plist;
				LD_RUNPATH_SEARCH_PATHS = (
					"$(inherited)",
					"@executable_path/Frameworks",
				);
				PRODUCT_BUNDLE_IDENTIFIER = "-0145147.VideoPlayer";
				PRODUCT_NAME = "$(TARGET_NAME)";
				SWIFT_VERSION = 4.0;
				TARGETED_DEVICE_FAMILY = "1,2";
			};
			name = Debug;
		};
		51352509235E988A00E5F4E7 /* Release */ = {
			isa = XCBuildConfiguration;
			buildSettings = {
				ASSETCATALOG_COMPILER_APPICON_NAME = AppIcon;
				CODE_SIGN_STYLE = Automatic;
				INFOPLIST_FILE = VideoPlayer/Info.plist;
				LD_RUNPATH_SEARCH_PATHS = (
					"$(inherited)",
					"@executable_path/Frameworks",
				);
				PRODUCT_BUNDLE_IDENTIFIER = "-0145147.VideoPlayer";
				PRODUCT_NAME = "$(TARGET_NAME)";
				SWIFT_VERSION = 4.0;
				TARGETED_DEVICE_FAMILY = "1,2";
			};
			name = Release;
		};
		5135250B235E988A00E5F4E7 /* Debug */ = {
			isa = XCBuildConfiguration;
			buildSettings = {
				ALWAYS_EMBED_SWIFT_STANDARD_LIBRARIES = YES;
				BUNDLE_LOADER = "$(TEST_HOST)";
				CODE_SIGN_STYLE = Automatic;
				INFOPLIST_FILE = VideoPlayerTests/Info.plist;
				LD_RUNPATH_SEARCH_PATHS = (
					"$(inherited)",
					"@executable_path/Frameworks",
					"@loader_path/Frameworks",
				);
				PRODUCT_BUNDLE_IDENTIFIER = "-0145147.VideoPlayerTests";
				PRODUCT_NAME = "$(TARGET_NAME)";
				SWIFT_VERSION = 4.0;
				TARGETED_DEVICE_FAMILY = "1,2";
				TEST_HOST = "$(BUILT_PRODUCTS_DIR)/VideoPlayer.app/VideoPlayer";
			};
			name = Debug;
		};
		5135250C235E988A00E5F4E7 /* Release */ = {
			isa = XCBuildConfiguration;
			buildSettings = {
				ALWAYS_EMBED_SWIFT_STANDARD_LIBRARIES = YES;
				BUNDLE_LOADER = "$(TEST_HOST)";
				CODE_SIGN_STYLE = Automatic;
				INFOPLIST_FILE = VideoPlayerTests/Info.plist;
				LD_RUNPATH_SEARCH_PATHS = (
					"$(inherited)",
					"@executable_path/Frameworks",
					"@loader_path/Frameworks",
				);
				PRODUCT_BUNDLE_IDENTIFIER = "-0145147.VideoPlayerTests";
				PRODUCT_NAME = "$(TARGET_NAME)";
				SWIFT_VERSION = 4.0;
				TARGETED_DEVICE_FAMILY = "1,2";
				TEST_HOST = "$(BUILT_PRODUCTS_DIR)/VideoPlayer.app/VideoPlayer";
			};
			name = Release;
		};
		5135250E235E988A00E5F4E7 /* Debug */ = {
			isa = XCBuildConfiguration;
			buildSettings = {
				ALWAYS_EMBED_SWIFT_STANDARD_LIBRARIES = YES;
				CODE_SIGN_STYLE = Automatic;
				INFOPLIST_FILE = VideoPlayerUITests/Info.plist;
				LD_RUNPATH_SEARCH_PATHS = (
					"$(inherited)",
					"@executable_path/Frameworks",
					"@loader_path/Frameworks",
				);
				PRODUCT_BUNDLE_IDENTIFIER = "-0145147.VideoPlayerUITests";
				PRODUCT_NAME = "$(TARGET_NAME)";
				SWIFT_VERSION = 4.0;
				TARGETED_DEVICE_FAMILY = "1,2";
				TEST_TARGET_NAME = VideoPlayer;
			};
			name = Debug;
		};
		5135250F235E988A00E5F4E7 /* Release */ = {
			isa = XCBuildConfiguration;
			buildSettings = {
				ALWAYS_EMBED_SWIFT_STANDARD_LIBRARIES = YES;
				CODE_SIGN_STYLE = Automatic;
				INFOPLIST_FILE = VideoPlayerUITests/Info.plist;
				LD_RUNPATH_SEARCH_PATHS = (
					"$(inherited)",
					"@executable_path/Frameworks",
					"@loader_path/Frameworks",
				);
				PRODUCT_BUNDLE_IDENTIFIER = "-0145147.VideoPlayerUITests";
				PRODUCT_NAME = "$(TARGET_NAME)";
				SWIFT_VERSION = 4.0;
				TARGETED_DEVICE_FAMILY = "1,2";
				TEST_TARGET_NAME = VideoPlayer;
			};
			name = Release;
		};
/* End XCBuildConfiguration section */

/* Begin XCConfigurationList section */
		513524DA235E988900E5F4E7 /* Build configuration list for PBXProject "VideoPlayer" */ = {
			isa = XCConfigurationList;
			buildConfigurations = (
				51352505235E988A00E5F4E7 /* Debug */,
				51352506235E988A00E5F4E7 /* Release */,
			);
			defaultConfigurationIsVisible = 0;
			defaultConfigurationName = Release;
		};
		51352507235E988A00E5F4E7 /* Build configuration list for PBXNativeTarget "VideoPlayer" */ = {
			isa = XCConfigurationList;
			buildConfigurations = (
				51352508235E988A00E5F4E7 /* Debug */,
				51352509235E988A00E5F4E7 /* Release */,
			);
			defaultConfigurationIsVisible = 0;
			defaultConfigurationName = Release;
		};
		5135250A235E988A00E5F4E7 /* Build configuration list for PBXNativeTarget "VideoPlayerTests" */ = {
			isa = XCConfigurationList;
			buildConfigurations = (
				5135250B235E988A00E5F4E7 /* Debug */,
				5135250C235E988A00E5F4E7 /* Release */,
			);
			defaultConfigurationIsVisible = 0;
			defaultConfigurationName = Release;
		};
		5135250D235E988A00E5F4E7 /* Build configuration list for PBXNativeTarget "VideoPlayerUITests" */ = {
			isa = XCConfigurationList;
			buildConfigurations = (
				5135250E235E988A00E5F4E7 /* Debug */,
				5135250F235E988A00E5F4E7 /* Release */,
			);
			defaultConfigurationIsVisible = 0;
			defaultConfigurationName = Release;
		};
/* End XCConfigurationList section */
	};
	rootObject = 513524D7235E988900E5F4E7 /* Project object */;
}
