// !$*UTF8*$!
{
	archiveVersion = 1;
	classes = {
	};
	objectVersion = 50;
	objects = {

/* Begin PBXBuildFile section */
		4422633723328DDE00FD1FE4 /* AppDelegate.swift in Sources */ = {isa = PBXBuildFile; fileRef = 4422633623328DDE00FD1FE4 /* AppDelegate.swift */; };
		4422633923328DDE00FD1FE4 /* ViewController.swift in Sources */ = {isa = PBXBuildFile; fileRef = 4422633823328DDE00FD1FE4 /* ViewController.swift */; };
		4422633C23328DDE00FD1FE4 /* Main.storyboard in Resources */ = {isa = PBXBuildFile; fileRef = 4422633A23328DDE00FD1FE4 /* Main.storyboard */; };
		4422633E23328DDE00FD1FE4 /* Assets.xcassets in Resources */ = {isa = PBXBuildFile; fileRef = 4422633D23328DDE00FD1FE4 /* Assets.xcassets */; };
		4422634123328DDE00FD1FE4 /* LaunchScreen.storyboard in Resources */ = {isa = PBXBuildFile; fileRef = 4422633F23328DDE00FD1FE4 /* LaunchScreen.storyboard */; };
		4422634C23328DDE00FD1FE4 /* DictionaryTests.swift in Sources */ = {isa = PBXBuildFile; fileRef = 4422634B23328DDE00FD1FE4 /* DictionaryTests.swift */; };
		4422635723328DDE00FD1FE4 /* DictionaryUITests.swift in Sources */ = {isa = PBXBuildFile; fileRef = 4422635623328DDE00FD1FE4 /* DictionaryUITests.swift */; };
/* End PBXBuildFile section */

/* Begin PBXContainerItemProxy section */
		4422634823328DDE00FD1FE4 /* PBXContainerItemProxy */ = {
			isa = PBXContainerItemProxy;
			containerPortal = 4422632B23328DDD00FD1FE4 /* Project object */;
			proxyType = 1;
			remoteGlobalIDString = 4422633223328DDD00FD1FE4;
			remoteInfo = Dictionary;
		};
		4422635323328DDE00FD1FE4 /* PBXContainerItemProxy */ = {
			isa = PBXContainerItemProxy;
			containerPortal = 4422632B23328DDD00FD1FE4 /* Project object */;
			proxyType = 1;
			remoteGlobalIDString = 4422633223328DDD00FD1FE4;
			remoteInfo = Dictionary;
		};
/* End PBXContainerItemProxy section */

/* Begin PBXFileReference section */
		4422633323328DDD00FD1FE4 /* Dictionary.app */ = {isa = PBXFileReference; explicitFileType = wrapper.application; includeInIndex = 0; path = Dictionary.app; sourceTree = BUILT_PRODUCTS_DIR; };
		4422633623328DDE00FD1FE4 /* AppDelegate.swift */ = {isa = PBXFileReference; lastKnownFileType = sourcecode.swift; path = AppDelegate.swift; sourceTree = "<group>"; };
		4422633823328DDE00FD1FE4 /* ViewController.swift */ = {isa = PBXFileReference; lastKnownFileType = sourcecode.swift; path = ViewController.swift; sourceTree = "<group>"; };
		4422633B23328DDE00FD1FE4 /* Base */ = {isa = PBXFileReference; lastKnownFileType = file.storyboard; name = Base; path = Base.lproj/Main.storyboard; sourceTree = "<group>"; };
		4422633D23328DDE00FD1FE4 /* Assets.xcassets */ = {isa = PBXFileReference; lastKnownFileType = folder.assetcatalog; path = Assets.xcassets; sourceTree = "<group>"; };
		4422634023328DDE00FD1FE4 /* Base */ = {isa = PBXFileReference; lastKnownFileType = file.storyboard; name = Base; path = Base.lproj/LaunchScreen.storyboard; sourceTree = "<group>"; };
		4422634223328DDE00FD1FE4 /* Info.plist */ = {isa = PBXFileReference; lastKnownFileType = text.plist.xml; path = Info.plist; sourceTree = "<group>"; };
		4422634723328DDE00FD1FE4 /* DictionaryTests.xctest */ = {isa = PBXFileReference; explicitFileType = wrapper.cfbundle; includeInIndex = 0; path = DictionaryTests.xctest; sourceTree = BUILT_PRODUCTS_DIR; };
		4422634B23328DDE00FD1FE4 /* DictionaryTests.swift */ = {isa = PBXFileReference; lastKnownFileType = sourcecode.swift; path = DictionaryTests.swift; sourceTree = "<group>"; };
		4422634D23328DDE00FD1FE4 /* Info.plist */ = {isa = PBXFileReference; lastKnownFileType = text.plist.xml; path = Info.plist; sourceTree = "<group>"; };
		4422635223328DDE00FD1FE4 /* DictionaryUITests.xctest */ = {isa = PBXFileReference; explicitFileType = wrapper.cfbundle; includeInIndex = 0; path = DictionaryUITests.xctest; sourceTree = BUILT_PRODUCTS_DIR; };
		4422635623328DDE00FD1FE4 /* DictionaryUITests.swift */ = {isa = PBXFileReference; lastKnownFileType = sourcecode.swift; path = DictionaryUITests.swift; sourceTree = "<group>"; };
		4422635823328DDE00FD1FE4 /* Info.plist */ = {isa = PBXFileReference; lastKnownFileType = text.plist.xml; path = Info.plist; sourceTree = "<group>"; };
/* End PBXFileReference section */

/* Begin PBXFrameworksBuildPhase section */
		4422633023328DDD00FD1FE4 /* Frameworks */ = {
			isa = PBXFrameworksBuildPhase;
			buildActionMask = 2147483647;
			files = (
			);
			runOnlyForDeploymentPostprocessing = 0;
		};
		4422634423328DDE00FD1FE4 /* Frameworks */ = {
			isa = PBXFrameworksBuildPhase;
			buildActionMask = 2147483647;
			files = (
			);
			runOnlyForDeploymentPostprocessing = 0;
		};
		4422634F23328DDE00FD1FE4 /* Frameworks */ = {
			isa = PBXFrameworksBuildPhase;
			buildActionMask = 2147483647;
			files = (
			);
			runOnlyForDeploymentPostprocessing = 0;
		};
/* End PBXFrameworksBuildPhase section */

/* Begin PBXGroup section */
		4422632A23328DDD00FD1FE4 = {
			isa = PBXGroup;
			children = (
				4422633523328DDD00FD1FE4 /* Dictionary */,
				4422634A23328DDE00FD1FE4 /* DictionaryTests */,
				4422635523328DDE00FD1FE4 /* DictionaryUITests */,
				4422633423328DDD00FD1FE4 /* Products */,
			);
			sourceTree = "<group>";
		};
		4422633423328DDD00FD1FE4 /* Products */ = {
			isa = PBXGroup;
			children = (
				4422633323328DDD00FD1FE4 /* Dictionary.app */,
				4422634723328DDE00FD1FE4 /* DictionaryTests.xctest */,
				4422635223328DDE00FD1FE4 /* DictionaryUITests.xctest */,
			);
			name = Products;
			sourceTree = "<group>";
		};
		4422633523328DDD00FD1FE4 /* Dictionary */ = {
			isa = PBXGroup;
			children = (
				4422633623328DDE00FD1FE4 /* AppDelegate.swift */,
				4422633823328DDE00FD1FE4 /* ViewController.swift */,
				4422633A23328DDE00FD1FE4 /* Main.storyboard */,
				4422633D23328DDE00FD1FE4 /* Assets.xcassets */,
				4422633F23328DDE00FD1FE4 /* LaunchScreen.storyboard */,
				4422634223328DDE00FD1FE4 /* Info.plist */,
			);
			path = Dictionary;
			sourceTree = "<group>";
		};
		4422634A23328DDE00FD1FE4 /* DictionaryTests */ = {
			isa = PBXGroup;
			children = (
				4422634B23328DDE00FD1FE4 /* DictionaryTests.swift */,
				4422634D23328DDE00FD1FE4 /* Info.plist */,
			);
			path = DictionaryTests;
			sourceTree = "<group>";
		};
		4422635523328DDE00FD1FE4 /* DictionaryUITests */ = {
			isa = PBXGroup;
			children = (
				4422635623328DDE00FD1FE4 /* DictionaryUITests.swift */,
				4422635823328DDE00FD1FE4 /* Info.plist */,
			);
			path = DictionaryUITests;
			sourceTree = "<group>";
		};
/* End PBXGroup section */

/* Begin PBXNativeTarget section */
		4422633223328DDD00FD1FE4 /* Dictionary */ = {
			isa = PBXNativeTarget;
			buildConfigurationList = 4422635B23328DDE00FD1FE4 /* Build configuration list for PBXNativeTarget "Dictionary" */;
			buildPhases = (
				4422632F23328DDD00FD1FE4 /* Sources */,
				4422633023328DDD00FD1FE4 /* Frameworks */,
				4422633123328DDD00FD1FE4 /* Resources */,
			);
			buildRules = (
			);
			dependencies = (
			);
			name = Dictionary;
			productName = Dictionary;
			productReference = 4422633323328DDD00FD1FE4 /* Dictionary.app */;
			productType = "com.apple.product-type.application";
		};
		4422634623328DDE00FD1FE4 /* DictionaryTests */ = {
			isa = PBXNativeTarget;
			buildConfigurationList = 4422635E23328DDE00FD1FE4 /* Build configuration list for PBXNativeTarget "DictionaryTests" */;
			buildPhases = (
				4422634323328DDE00FD1FE4 /* Sources */,
				4422634423328DDE00FD1FE4 /* Frameworks */,
				4422634523328DDE00FD1FE4 /* Resources */,
			);
			buildRules = (
			);
			dependencies = (
				4422634923328DDE00FD1FE4 /* PBXTargetDependency */,
			);
			name = DictionaryTests;
			productName = DictionaryTests;
			productReference = 4422634723328DDE00FD1FE4 /* DictionaryTests.xctest */;
			productType = "com.apple.product-type.bundle.unit-test";
		};
		4422635123328DDE00FD1FE4 /* DictionaryUITests */ = {
			isa = PBXNativeTarget;
			buildConfigurationList = 4422636123328DDE00FD1FE4 /* Build configuration list for PBXNativeTarget "DictionaryUITests" */;
			buildPhases = (
				4422634E23328DDE00FD1FE4 /* Sources */,
				4422634F23328DDE00FD1FE4 /* Frameworks */,
				4422635023328DDE00FD1FE4 /* Resources */,
			);
			buildRules = (
			);
			dependencies = (
				4422635423328DDE00FD1FE4 /* PBXTargetDependency */,
			);
			name = DictionaryUITests;
			productName = DictionaryUITests;
			productReference = 4422635223328DDE00FD1FE4 /* DictionaryUITests.xctest */;
			productType = "com.apple.product-type.bundle.ui-testing";
		};
/* End PBXNativeTarget section */

/* Begin PBXProject section */
		4422632B23328DDD00FD1FE4 /* Project object */ = {
			isa = PBXProject;
			attributes = {
				LastSwiftUpdateCheck = 1030;
				LastUpgradeCheck = 1030;
				ORGANIZATIONNAME = gooni;
				TargetAttributes = {
					4422633223328DDD00FD1FE4 = {
						CreatedOnToolsVersion = 10.3;
					};
					4422634623328DDE00FD1FE4 = {
						CreatedOnToolsVersion = 10.3;
						TestTargetID = 4422633223328DDD00FD1FE4;
					};
					4422635123328DDE00FD1FE4 = {
						CreatedOnToolsVersion = 10.3;
						TestTargetID = 4422633223328DDD00FD1FE4;
					};
				};
			};
			buildConfigurationList = 4422632E23328DDD00FD1FE4 /* Build configuration list for PBXProject "Dictionary" */;
			compatibilityVersion = "Xcode 9.3";
			developmentRegion = en;
			hasScannedForEncodings = 0;
			knownRegions = (
				en,
				Base,
			);
			mainGroup = 4422632A23328DDD00FD1FE4;
			productRefGroup = 4422633423328DDD00FD1FE4 /* Products */;
			projectDirPath = "";
			projectRoot = "";
			targets = (
				4422633223328DDD00FD1FE4 /* Dictionary */,
				4422634623328DDE00FD1FE4 /* DictionaryTests */,
				4422635123328DDE00FD1FE4 /* DictionaryUITests */,
			);
		};
/* End PBXProject section */

/* Begin PBXResourcesBuildPhase section */
		4422633123328DDD00FD1FE4 /* Resources */ = {
			isa = PBXResourcesBuildPhase;
			buildActionMask = 2147483647;
			files = (
				4422634123328DDE00FD1FE4 /* LaunchScreen.storyboard in Resources */,
				4422633E23328DDE00FD1FE4 /* Assets.xcassets in Resources */,
				4422633C23328DDE00FD1FE4 /* Main.storyboard in Resources */,
			);
			runOnlyForDeploymentPostprocessing = 0;
		};
		4422634523328DDE00FD1FE4 /* Resources */ = {
			isa = PBXResourcesBuildPhase;
			buildActionMask = 2147483647;
			files = (
			);
			runOnlyForDeploymentPostprocessing = 0;
		};
		4422635023328DDE00FD1FE4 /* Resources */ = {
			isa = PBXResourcesBuildPhase;
			buildActionMask = 2147483647;
			files = (
			);
			runOnlyForDeploymentPostprocessing = 0;
		};
/* End PBXResourcesBuildPhase section */

/* Begin PBXSourcesBuildPhase section */
		4422632F23328DDD00FD1FE4 /* Sources */ = {
			isa = PBXSourcesBuildPhase;
			buildActionMask = 2147483647;
			files = (
				4422633923328DDE00FD1FE4 /* ViewController.swift in Sources */,
				4422633723328DDE00FD1FE4 /* AppDelegate.swift in Sources */,
			);
			runOnlyForDeploymentPostprocessing = 0;
		};
		4422634323328DDE00FD1FE4 /* Sources */ = {
			isa = PBXSourcesBuildPhase;
			buildActionMask = 2147483647;
			files = (
				4422634C23328DDE00FD1FE4 /* DictionaryTests.swift in Sources */,
			);
			runOnlyForDeploymentPostprocessing = 0;
		};
		4422634E23328DDE00FD1FE4 /* Sources */ = {
			isa = PBXSourcesBuildPhase;
			buildActionMask = 2147483647;
			files = (
				4422635723328DDE00FD1FE4 /* DictionaryUITests.swift in Sources */,
			);
			runOnlyForDeploymentPostprocessing = 0;
		};
/* End PBXSourcesBuildPhase section */

/* Begin PBXTargetDependency section */
		4422634923328DDE00FD1FE4 /* PBXTargetDependency */ = {
			isa = PBXTargetDependency;
			target = 4422633223328DDD00FD1FE4 /* Dictionary */;
			targetProxy = 4422634823328DDE00FD1FE4 /* PBXContainerItemProxy */;
		};
		4422635423328DDE00FD1FE4 /* PBXTargetDependency */ = {
			isa = PBXTargetDependency;
			target = 4422633223328DDD00FD1FE4 /* Dictionary */;
			targetProxy = 4422635323328DDE00FD1FE4 /* PBXContainerItemProxy */;
		};
/* End PBXTargetDependency section */

/* Begin PBXVariantGroup section */
		4422633A23328DDE00FD1FE4 /* Main.storyboard */ = {
			isa = PBXVariantGroup;
			children = (
				4422633B23328DDE00FD1FE4 /* Base */,
			);
			name = Main.storyboard;
			sourceTree = "<group>";
		};
		4422633F23328DDE00FD1FE4 /* LaunchScreen.storyboard */ = {
			isa = PBXVariantGroup;
			children = (
				4422634023328DDE00FD1FE4 /* Base */,
			);
			name = LaunchScreen.storyboard;
			sourceTree = "<group>";
		};
/* End PBXVariantGroup section */

/* Begin XCBuildConfiguration section */
		4422635923328DDE00FD1FE4 /* Debug */ = {
			isa = XCBuildConfiguration;
			buildSettings = {
				ALWAYS_SEARCH_USER_PATHS = NO;
				CLANG_ANALYZER_NONNULL = YES;
				CLANG_ANALYZER_NUMBER_OBJECT_CONVERSION = YES_AGGRESSIVE;
				CLANG_CXX_LANGUAGE_STANDARD = "gnu++14";
				CLANG_CXX_LIBRARY = "libc++";
				CLANG_ENABLE_MODULES = YES;
				CLANG_ENABLE_OBJC_ARC = YES;
				CLANG_ENABLE_OBJC_WEAK = YES;
				CLANG_WARN_BLOCK_CAPTURE_AUTORELEASING = YES;
				CLANG_WARN_BOOL_CONVERSION = YES;
				CLANG_WARN_COMMA = YES;
				CLANG_WARN_CONSTANT_CONVERSION = YES;
				CLANG_WARN_DEPRECATED_OBJC_IMPLEMENTATIONS = YES;
				CLANG_WARN_DIRECT_OBJC_ISA_USAGE = YES_ERROR;
				CLANG_WARN_DOCUMENTATION_COMMENTS = YES;
				CLANG_WARN_EMPTY_BODY = YES;
				CLANG_WARN_ENUM_CONVERSION = YES;
				CLANG_WARN_INFINITE_RECURSION = YES;
				CLANG_WARN_INT_CONVERSION = YES;
				CLANG_WARN_NON_LITERAL_NULL_CONVERSION = YES;
				CLANG_WARN_OBJC_IMPLICIT_RETAIN_SELF = YES;
				CLANG_WARN_OBJC_LITERAL_CONVERSION = YES;
				CLANG_WARN_OBJC_ROOT_CLASS = YES_ERROR;
				CLANG_WARN_RANGE_LOOP_ANALYSIS = YES;
				CLANG_WARN_STRICT_PROTOTYPES = YES;
				CLANG_WARN_SUSPICIOUS_MOVE = YES;
				CLANG_WARN_UNGUARDED_AVAILABILITY = YES_AGGRESSIVE;
				CLANG_WARN_UNREACHABLE_CODE = YES;
				CLANG_WARN__DUPLICATE_METHOD_MATCH = YES;
				CODE_SIGN_IDENTITY = "iPhone Developer";
				COPY_PHASE_STRIP = NO;
				DEBUG_INFORMATION_FORMAT = dwarf;
				ENABLE_STRICT_OBJC_MSGSEND = YES;
				ENABLE_TESTABILITY = YES;
				GCC_C_LANGUAGE_STANDARD = gnu11;
				GCC_DYNAMIC_NO_PIC = NO;
				GCC_NO_COMMON_BLOCKS = YES;
				GCC_OPTIMIZATION_LEVEL = 0;
				GCC_PREPROCESSOR_DEFINITIONS = (
					"DEBUG=1",
					"$(inherited)",
				);
				GCC_WARN_64_TO_32_BIT_CONVERSION = YES;
				GCC_WARN_ABOUT_RETURN_TYPE = YES_ERROR;
				GCC_WARN_UNDECLARED_SELECTOR = YES;
				GCC_WARN_UNINITIALIZED_AUTOS = YES_AGGRESSIVE;
				GCC_WARN_UNUSED_FUNCTION = YES;
				GCC_WARN_UNUSED_VARIABLE = YES;
				IPHONEOS_DEPLOYMENT_TARGET = 12.4;
				MTL_ENABLE_DEBUG_INFO = INCLUDE_SOURCE;
				MTL_FAST_MATH = YES;
				ONLY_ACTIVE_ARCH = YES;
				SDKROOT = iphoneos;
				SWIFT_ACTIVE_COMPILATION_CONDITIONS = DEBUG;
				SWIFT_OPTIMIZATION_LEVEL = "-Onone";
			};
			name = Debug;
		};
		4422635A23328DDE00FD1FE4 /* Release */ = {
			isa = XCBuildConfiguration;
			buildSettings = {
				ALWAYS_SEARCH_USER_PATHS = NO;
				CLANG_ANALYZER_NONNULL = YES;
				CLANG_ANALYZER_NUMBER_OBJECT_CONVERSION = YES_AGGRESSIVE;
				CLANG_CXX_LANGUAGE_STANDARD = "gnu++14";
				CLANG_CXX_LIBRARY = "libc++";
				CLANG_ENABLE_MODULES = YES;
				CLANG_ENABLE_OBJC_ARC = YES;
				CLANG_ENABLE_OBJC_WEAK = YES;
				CLANG_WARN_BLOCK_CAPTURE_AUTORELEASING = YES;
				CLANG_WARN_BOOL_CONVERSION = YES;
				CLANG_WARN_COMMA = YES;
				CLANG_WARN_CONSTANT_CONVERSION = YES;
				CLANG_WARN_DEPRECATED_OBJC_IMPLEMENTATIONS = YES;
				CLANG_WARN_DIRECT_OBJC_ISA_USAGE = YES_ERROR;
				CLANG_WARN_DOCUMENTATION_COMMENTS = YES;
				CLANG_WARN_EMPTY_BODY = YES;
				CLANG_WARN_ENUM_CONVERSION = YES;
				CLANG_WARN_INFINITE_RECURSION = YES;
				CLANG_WARN_INT_CONVERSION = YES;
				CLANG_WARN_NON_LITERAL_NULL_CONVERSION = YES;
				CLANG_WARN_OBJC_IMPLICIT_RETAIN_SELF = YES;
				CLANG_WARN_OBJC_LITERAL_CONVERSION = YES;
				CLANG_WARN_OBJC_ROOT_CLASS = YES_ERROR;
				CLANG_WARN_RANGE_LOOP_ANALYSIS = YES;
				CLANG_WARN_STRICT_PROTOTYPES = YES;
				CLANG_WARN_SUSPICIOUS_MOVE = YES;
				CLANG_WARN_UNGUARDED_AVAILABILITY = YES_AGGRESSIVE;
				CLANG_WARN_UNREACHABLE_CODE = YES;
				CLANG_WARN__DUPLICATE_METHOD_MATCH = YES;
				CODE_SIGN_IDENTITY = "iPhone Developer";
				COPY_PHASE_STRIP = NO;
				DEBUG_INFORMATION_FORMAT = "dwarf-with-dsym";
				ENABLE_NS_ASSERTIONS = NO;
				ENABLE_STRICT_OBJC_MSGSEND = YES;
				GCC_C_LANGUAGE_STANDARD = gnu11;
				GCC_NO_COMMON_BLOCKS = YES;
				GCC_WARN_64_TO_32_BIT_CONVERSION = YES;
				GCC_WARN_ABOUT_RETURN_TYPE = YES_ERROR;
				GCC_WARN_UNDECLARED_SELECTOR = YES;
				GCC_WARN_UNINITIALIZED_AUTOS = YES_AGGRESSIVE;
				GCC_WARN_UNUSED_FUNCTION = YES;
				GCC_WARN_UNUSED_VARIABLE = YES;
				IPHONEOS_DEPLOYMENT_TARGET = 12.4;
				MTL_ENABLE_DEBUG_INFO = NO;
				MTL_FAST_MATH = YES;
				SDKROOT = iphoneos;
				SWIFT_COMPILATION_MODE = wholemodule;
				SWIFT_OPTIMIZATION_LEVEL = "-O";
				VALIDATE_PRODUCT = YES;
			};
			name = Release;
		};
		4422635C23328DDE00FD1FE4 /* Debug */ = {
			isa = XCBuildConfiguration;
			buildSettings = {
				ASSETCATALOG_COMPILER_APPICON_NAME = AppIcon;
				CODE_SIGN_STYLE = Automatic;
				INFOPLIST_FILE = Dictionary/Info.plist;
				LD_RUNPATH_SEARCH_PATHS = (
					"$(inherited)",
					"@executable_path/Frameworks",
				);
				PRODUCT_BUNDLE_IDENTIFIER = net.macnpc.Dictionary;
				PRODUCT_NAME = "$(TARGET_NAME)";
				SWIFT_VERSION = 5.0;
				TARGETED_DEVICE_FAMILY = "1,2";
			};
			name = Debug;
		};
		4422635D23328DDE00FD1FE4 /* Release */ = {
			isa = XCBuildConfiguration;
			buildSettings = {
				ASSETCATALOG_COMPILER_APPICON_NAME = AppIcon;
				CODE_SIGN_STYLE = Automatic;
				INFOPLIST_FILE = Dictionary/Info.plist;
				LD_RUNPATH_SEARCH_PATHS = (
					"$(inherited)",
					"@executable_path/Frameworks",
				);
				PRODUCT_BUNDLE_IDENTIFIER = net.macnpc.Dictionary;
				PRODUCT_NAME = "$(TARGET_NAME)";
				SWIFT_VERSION = 5.0;
				TARGETED_DEVICE_FAMILY = "1,2";
			};
			name = Release;
		};
		4422635F23328DDE00FD1FE4 /* Debug */ = {
			isa = XCBuildConfiguration;
			buildSettings = {
				ALWAYS_EMBED_SWIFT_STANDARD_LIBRARIES = YES;
				BUNDLE_LOADER = "$(TEST_HOST)";
				CODE_SIGN_STYLE = Automatic;
				INFOPLIST_FILE = DictionaryTests/Info.plist;
				LD_RUNPATH_SEARCH_PATHS = (
					"$(inherited)",
					"@executable_path/Frameworks",
					"@loader_path/Frameworks",
				);
				PRODUCT_BUNDLE_IDENTIFIER = net.macnpc.DictionaryTests;
				PRODUCT_NAME = "$(TARGET_NAME)";
				SWIFT_VERSION = 5.0;
				TARGETED_DEVICE_FAMILY = "1,2";
				TEST_HOST = "$(BUILT_PRODUCTS_DIR)/Dictionary.app/Dictionary";
			};
			name = Debug;
		};
		4422636023328DDE00FD1FE4 /* Release */ = {
			isa = XCBuildConfiguration;
			buildSettings = {
				ALWAYS_EMBED_SWIFT_STANDARD_LIBRARIES = YES;
				BUNDLE_LOADER = "$(TEST_HOST)";
				CODE_SIGN_STYLE = Automatic;
				INFOPLIST_FILE = DictionaryTests/Info.plist;
				LD_RUNPATH_SEARCH_PATHS = (
					"$(inherited)",
					"@executable_path/Frameworks",
					"@loader_path/Frameworks",
				);
				PRODUCT_BUNDLE_IDENTIFIER = net.macnpc.DictionaryTests;
				PRODUCT_NAME = "$(TARGET_NAME)";
				SWIFT_VERSION = 5.0;
				TARGETED_DEVICE_FAMILY = "1,2";
				TEST_HOST = "$(BUILT_PRODUCTS_DIR)/Dictionary.app/Dictionary";
			};
			name = Release;
		};
		4422636223328DDE00FD1FE4 /* Debug */ = {
			isa = XCBuildConfiguration;
			buildSettings = {
				ALWAYS_EMBED_SWIFT_STANDARD_LIBRARIES = YES;
				CODE_SIGN_STYLE = Automatic;
				INFOPLIST_FILE = DictionaryUITests/Info.plist;
				LD_RUNPATH_SEARCH_PATHS = (
					"$(inherited)",
					"@executable_path/Frameworks",
					"@loader_path/Frameworks",
				);
				PRODUCT_BUNDLE_IDENTIFIER = net.macnpc.DictionaryUITests;
				PRODUCT_NAME = "$(TARGET_NAME)";
				SWIFT_VERSION = 5.0;
				TARGETED_DEVICE_FAMILY = "1,2";
				TEST_TARGET_NAME = Dictionary;
			};
			name = Debug;
		};
		4422636323328DDE00FD1FE4 /* Release */ = {
			isa = XCBuildConfiguration;
			buildSettings = {
				ALWAYS_EMBED_SWIFT_STANDARD_LIBRARIES = YES;
				CODE_SIGN_STYLE = Automatic;
				INFOPLIST_FILE = DictionaryUITests/Info.plist;
				LD_RUNPATH_SEARCH_PATHS = (
					"$(inherited)",
					"@executable_path/Frameworks",
					"@loader_path/Frameworks",
				);
				PRODUCT_BUNDLE_IDENTIFIER = net.macnpc.DictionaryUITests;
				PRODUCT_NAME = "$(TARGET_NAME)";
				SWIFT_VERSION = 5.0;
				TARGETED_DEVICE_FAMILY = "1,2";
				TEST_TARGET_NAME = Dictionary;
			};
			name = Release;
		};
/* End XCBuildConfiguration section */

/* Begin XCConfigurationList section */
		4422632E23328DDD00FD1FE4 /* Build configuration list for PBXProject "Dictionary" */ = {
			isa = XCConfigurationList;
			buildConfigurations = (
				4422635923328DDE00FD1FE4 /* Debug */,
				4422635A23328DDE00FD1FE4 /* Release */,
			);
			defaultConfigurationIsVisible = 0;
			defaultConfigurationName = Release;
		};
		4422635B23328DDE00FD1FE4 /* Build configuration list for PBXNativeTarget "Dictionary" */ = {
			isa = XCConfigurationList;
			buildConfigurations = (
				4422635C23328DDE00FD1FE4 /* Debug */,
				4422635D23328DDE00FD1FE4 /* Release */,
			);
			defaultConfigurationIsVisible = 0;
			defaultConfigurationName = Release;
		};
		4422635E23328DDE00FD1FE4 /* Build configuration list for PBXNativeTarget "DictionaryTests" */ = {
			isa = XCConfigurationList;
			buildConfigurations = (
				4422635F23328DDE00FD1FE4 /* Debug */,
				4422636023328DDE00FD1FE4 /* Release */,
			);
			defaultConfigurationIsVisible = 0;
			defaultConfigurationName = Release;
		};
		4422636123328DDE00FD1FE4 /* Build configuration list for PBXNativeTarget "DictionaryUITests" */ = {
			isa = XCConfigurationList;
			buildConfigurations = (
				4422636223328DDE00FD1FE4 /* Debug */,
				4422636323328DDE00FD1FE4 /* Release */,
			);
			defaultConfigurationIsVisible = 0;
			defaultConfigurationName = Release;
		};
/* End XCConfigurationList section */
	};
	rootObject = 4422632B23328DDD00FD1FE4 /* Project object */;
}
