// !$*UTF8*$!
{
	archiveVersion = 1;
	classes = {
	};
	objectVersion = 50;
	objects = {

/* Begin PBXBuildFile section */
		513524A9235E971200E5F4E7 /* AppDelegate.swift in Sources */ = {isa = PBXBuildFile; fileRef = 513524A8235E971200E5F4E7 /* AppDelegate.swift */; };
		513524AB235E971200E5F4E7 /* ViewController.swift in Sources */ = {isa = PBXBuildFile; fileRef = 513524AA235E971200E5F4E7 /* ViewController.swift */; };
		513524AE235E971200E5F4E7 /* Main.storyboard in Resources */ = {isa = PBXBuildFile; fileRef = 513524AC235E971200E5F4E7 /* Main.storyboard */; };
		513524B0235E971300E5F4E7 /* Assets.xcassets in Resources */ = {isa = PBXBuildFile; fileRef = 513524AF235E971300E5F4E7 /* Assets.xcassets */; };
		513524B3235E971300E5F4E7 /* LaunchScreen.storyboard in Resources */ = {isa = PBXBuildFile; fileRef = 513524B1235E971300E5F4E7 /* LaunchScreen.storyboard */; };
		513524BE235E971300E5F4E7 /* MapView3Tests.swift in Sources */ = {isa = PBXBuildFile; fileRef = 513524BD235E971300E5F4E7 /* MapView3Tests.swift */; };
		513524C9235E971300E5F4E7 /* MapView3UITests.swift in Sources */ = {isa = PBXBuildFile; fileRef = 513524C8235E971300E5F4E7 /* MapView3UITests.swift */; };
/* End PBXBuildFile section */

/* Begin PBXContainerItemProxy section */
		513524BA235E971300E5F4E7 /* PBXContainerItemProxy */ = {
			isa = PBXContainerItemProxy;
			containerPortal = 5135249D235E971200E5F4E7 /* Project object */;
			proxyType = 1;
			remoteGlobalIDString = 513524A4235E971200E5F4E7;
			remoteInfo = MapView3;
		};
		513524C5235E971300E5F4E7 /* PBXContainerItemProxy */ = {
			isa = PBXContainerItemProxy;
			containerPortal = 5135249D235E971200E5F4E7 /* Project object */;
			proxyType = 1;
			remoteGlobalIDString = 513524A4235E971200E5F4E7;
			remoteInfo = MapView3;
		};
/* End PBXContainerItemProxy section */

/* Begin PBXFileReference section */
		513524A5235E971200E5F4E7 /* MapView3.app */ = {isa = PBXFileReference; explicitFileType = wrapper.application; includeInIndex = 0; path = MapView3.app; sourceTree = BUILT_PRODUCTS_DIR; };
		513524A8235E971200E5F4E7 /* AppDelegate.swift */ = {isa = PBXFileReference; lastKnownFileType = sourcecode.swift; path = AppDelegate.swift; sourceTree = "<group>"; };
		513524AA235E971200E5F4E7 /* ViewController.swift */ = {isa = PBXFileReference; lastKnownFileType = sourcecode.swift; path = ViewController.swift; sourceTree = "<group>"; };
		513524AD235E971200E5F4E7 /* Base */ = {isa = PBXFileReference; lastKnownFileType = file.storyboard; name = Base; path = Base.lproj/Main.storyboard; sourceTree = "<group>"; };
		513524AF235E971300E5F4E7 /* Assets.xcassets */ = {isa = PBXFileReference; lastKnownFileType = folder.assetcatalog; path = Assets.xcassets; sourceTree = "<group>"; };
		513524B2235E971300E5F4E7 /* Base */ = {isa = PBXFileReference; lastKnownFileType = file.storyboard; name = Base; path = Base.lproj/LaunchScreen.storyboard; sourceTree = "<group>"; };
		513524B4235E971300E5F4E7 /* Info.plist */ = {isa = PBXFileReference; lastKnownFileType = text.plist.xml; path = Info.plist; sourceTree = "<group>"; };
		513524B9235E971300E5F4E7 /* MapView3Tests.xctest */ = {isa = PBXFileReference; explicitFileType = wrapper.cfbundle; includeInIndex = 0; path = MapView3Tests.xctest; sourceTree = BUILT_PRODUCTS_DIR; };
		513524BD235E971300E5F4E7 /* MapView3Tests.swift */ = {isa = PBXFileReference; lastKnownFileType = sourcecode.swift; path = MapView3Tests.swift; sourceTree = "<group>"; };
		513524BF235E971300E5F4E7 /* Info.plist */ = {isa = PBXFileReference; lastKnownFileType = text.plist.xml; path = Info.plist; sourceTree = "<group>"; };
		513524C4235E971300E5F4E7 /* MapView3UITests.xctest */ = {isa = PBXFileReference; explicitFileType = wrapper.cfbundle; includeInIndex = 0; path = MapView3UITests.xctest; sourceTree = BUILT_PRODUCTS_DIR; };
		513524C8235E971300E5F4E7 /* MapView3UITests.swift */ = {isa = PBXFileReference; lastKnownFileType = sourcecode.swift; path = MapView3UITests.swift; sourceTree = "<group>"; };
		513524CA235E971300E5F4E7 /* Info.plist */ = {isa = PBXFileReference; lastKnownFileType = text.plist.xml; path = Info.plist; sourceTree = "<group>"; };
/* End PBXFileReference section */

/* Begin PBXFrameworksBuildPhase section */
		513524A2235E971200E5F4E7 /* Frameworks */ = {
			isa = PBXFrameworksBuildPhase;
			buildActionMask = 2147483647;
			files = (
			);
			runOnlyForDeploymentPostprocessing = 0;
		};
		513524B6235E971300E5F4E7 /* Frameworks */ = {
			isa = PBXFrameworksBuildPhase;
			buildActionMask = 2147483647;
			files = (
			);
			runOnlyForDeploymentPostprocessing = 0;
		};
		513524C1235E971300E5F4E7 /* Frameworks */ = {
			isa = PBXFrameworksBuildPhase;
			buildActionMask = 2147483647;
			files = (
			);
			runOnlyForDeploymentPostprocessing = 0;
		};
/* End PBXFrameworksBuildPhase section */

/* Begin PBXGroup section */
		5135249C235E971200E5F4E7 = {
			isa = PBXGroup;
			children = (
				513524A7235E971200E5F4E7 /* MapView3 */,
				513524BC235E971300E5F4E7 /* MapView3Tests */,
				513524C7235E971300E5F4E7 /* MapView3UITests */,
				513524A6235E971200E5F4E7 /* Products */,
			);
			sourceTree = "<group>";
		};
		513524A6235E971200E5F4E7 /* Products */ = {
			isa = PBXGroup;
			children = (
				513524A5235E971200E5F4E7 /* MapView3.app */,
				513524B9235E971300E5F4E7 /* MapView3Tests.xctest */,
				513524C4235E971300E5F4E7 /* MapView3UITests.xctest */,
			);
			name = Products;
			sourceTree = "<group>";
		};
		513524A7235E971200E5F4E7 /* MapView3 */ = {
			isa = PBXGroup;
			children = (
				513524A8235E971200E5F4E7 /* AppDelegate.swift */,
				513524AA235E971200E5F4E7 /* ViewController.swift */,
				513524AC235E971200E5F4E7 /* Main.storyboard */,
				513524AF235E971300E5F4E7 /* Assets.xcassets */,
				513524B1235E971300E5F4E7 /* LaunchScreen.storyboard */,
				513524B4235E971300E5F4E7 /* Info.plist */,
			);
			path = MapView3;
			sourceTree = "<group>";
		};
		513524BC235E971300E5F4E7 /* MapView3Tests */ = {
			isa = PBXGroup;
			children = (
				513524BD235E971300E5F4E7 /* MapView3Tests.swift */,
				513524BF235E971300E5F4E7 /* Info.plist */,
			);
			path = MapView3Tests;
			sourceTree = "<group>";
		};
		513524C7235E971300E5F4E7 /* MapView3UITests */ = {
			isa = PBXGroup;
			children = (
				513524C8235E971300E5F4E7 /* MapView3UITests.swift */,
				513524CA235E971300E5F4E7 /* Info.plist */,
			);
			path = MapView3UITests;
			sourceTree = "<group>";
		};
/* End PBXGroup section */

/* Begin PBXNativeTarget section */
		513524A4235E971200E5F4E7 /* MapView3 */ = {
			isa = PBXNativeTarget;
			buildConfigurationList = 513524CD235E971300E5F4E7 /* Build configuration list for PBXNativeTarget "MapView3" */;
			buildPhases = (
				513524A1235E971200E5F4E7 /* Sources */,
				513524A2235E971200E5F4E7 /* Frameworks */,
				513524A3235E971200E5F4E7 /* Resources */,
			);
			buildRules = (
			);
			dependencies = (
			);
			name = MapView3;
			productName = MapView3;
			productReference = 513524A5235E971200E5F4E7 /* MapView3.app */;
			productType = "com.apple.product-type.application";
		};
		513524B8235E971300E5F4E7 /* MapView3Tests */ = {
			isa = PBXNativeTarget;
			buildConfigurationList = 513524D0235E971300E5F4E7 /* Build configuration list for PBXNativeTarget "MapView3Tests" */;
			buildPhases = (
				513524B5235E971300E5F4E7 /* Sources */,
				513524B6235E971300E5F4E7 /* Frameworks */,
				513524B7235E971300E5F4E7 /* Resources */,
			);
			buildRules = (
			);
			dependencies = (
				513524BB235E971300E5F4E7 /* PBXTargetDependency */,
			);
			name = MapView3Tests;
			productName = MapView3Tests;
			productReference = 513524B9235E971300E5F4E7 /* MapView3Tests.xctest */;
			productType = "com.apple.product-type.bundle.unit-test";
		};
		513524C3235E971300E5F4E7 /* MapView3UITests */ = {
			isa = PBXNativeTarget;
			buildConfigurationList = 513524D3235E971300E5F4E7 /* Build configuration list for PBXNativeTarget "MapView3UITests" */;
			buildPhases = (
				513524C0235E971300E5F4E7 /* Sources */,
				513524C1235E971300E5F4E7 /* Frameworks */,
				513524C2235E971300E5F4E7 /* Resources */,
			);
			buildRules = (
			);
			dependencies = (
				513524C6235E971300E5F4E7 /* PBXTargetDependency */,
			);
			name = MapView3UITests;
			productName = MapView3UITests;
			productReference = 513524C4235E971300E5F4E7 /* MapView3UITests.xctest */;
			productType = "com.apple.product-type.bundle.ui-testing";
		};
/* End PBXNativeTarget section */

/* Begin PBXProject section */
		5135249D235E971200E5F4E7 /* Project object */ = {
			isa = PBXProject;
			attributes = {
				LastSwiftUpdateCheck = 0940;
				LastUpgradeCheck = 0940;
				ORGANIZATIONNAME = 20145147;
				TargetAttributes = {
					513524A4235E971200E5F4E7 = {
						CreatedOnToolsVersion = 9.4.1;
					};
					513524B8235E971300E5F4E7 = {
						CreatedOnToolsVersion = 9.4.1;
						TestTargetID = 513524A4235E971200E5F4E7;
					};
					513524C3235E971300E5F4E7 = {
						CreatedOnToolsVersion = 9.4.1;
						TestTargetID = 513524A4235E971200E5F4E7;
					};
				};
			};
			buildConfigurationList = 513524A0235E971200E5F4E7 /* Build configuration list for PBXProject "MapView3" */;
			compatibilityVersion = "Xcode 9.3";
			developmentRegion = en;
			hasScannedForEncodings = 0;
			knownRegions = (
				en,
				Base,
			);
			mainGroup = 5135249C235E971200E5F4E7;
			productRefGroup = 513524A6235E971200E5F4E7 /* Products */;
			projectDirPath = "";
			projectRoot = "";
			targets = (
				513524A4235E971200E5F4E7 /* MapView3 */,
				513524B8235E971300E5F4E7 /* MapView3Tests */,
				513524C3235E971300E5F4E7 /* MapView3UITests */,
			);
		};
/* End PBXProject section */

/* Begin PBXResourcesBuildPhase section */
		513524A3235E971200E5F4E7 /* Resources */ = {
			isa = PBXResourcesBuildPhase;
			buildActionMask = 2147483647;
			files = (
				513524B3235E971300E5F4E7 /* LaunchScreen.storyboard in Resources */,
				513524B0235E971300E5F4E7 /* Assets.xcassets in Resources */,
				513524AE235E971200E5F4E7 /* Main.storyboard in Resources */,
			);
			runOnlyForDeploymentPostprocessing = 0;
		};
		513524B7235E971300E5F4E7 /* Resources */ = {
			isa = PBXResourcesBuildPhase;
			buildActionMask = 2147483647;
			files = (
			);
			runOnlyForDeploymentPostprocessing = 0;
		};
		513524C2235E971300E5F4E7 /* Resources */ = {
			isa = PBXResourcesBuildPhase;
			buildActionMask = 2147483647;
			files = (
			);
			runOnlyForDeploymentPostprocessing = 0;
		};
/* End PBXResourcesBuildPhase section */

/* Begin PBXSourcesBuildPhase section */
		513524A1235E971200E5F4E7 /* Sources */ = {
			isa = PBXSourcesBuildPhase;
			buildActionMask = 2147483647;
			files = (
				513524AB235E971200E5F4E7 /* ViewController.swift in Sources */,
				513524A9235E971200E5F4E7 /* AppDelegate.swift in Sources */,
			);
			runOnlyForDeploymentPostprocessing = 0;
		};
		513524B5235E971300E5F4E7 /* Sources */ = {
			isa = PBXSourcesBuildPhase;
			buildActionMask = 2147483647;
			files = (
				513524BE235E971300E5F4E7 /* MapView3Tests.swift in Sources */,
			);
			runOnlyForDeploymentPostprocessing = 0;
		};
		513524C0235E971300E5F4E7 /* Sources */ = {
			isa = PBXSourcesBuildPhase;
			buildActionMask = 2147483647;
			files = (
				513524C9235E971300E5F4E7 /* MapView3UITests.swift in Sources */,
			);
			runOnlyForDeploymentPostprocessing = 0;
		};
/* End PBXSourcesBuildPhase section */

/* Begin PBXTargetDependency section */
		513524BB235E971300E5F4E7 /* PBXTargetDependency */ = {
			isa = PBXTargetDependency;
			target = 513524A4235E971200E5F4E7 /* MapView3 */;
			targetProxy = 513524BA235E971300E5F4E7 /* PBXContainerItemProxy */;
		};
		513524C6235E971300E5F4E7 /* PBXTargetDependency */ = {
			isa = PBXTargetDependency;
			target = 513524A4235E971200E5F4E7 /* MapView3 */;
			targetProxy = 513524C5235E971300E5F4E7 /* PBXContainerItemProxy */;
		};
/* End PBXTargetDependency section */

/* Begin PBXVariantGroup section */
		513524AC235E971200E5F4E7 /* Main.storyboard */ = {
			isa = PBXVariantGroup;
			children = (
				513524AD235E971200E5F4E7 /* Base */,
			);
			name = Main.storyboard;
			sourceTree = "<group>";
		};
		513524B1235E971300E5F4E7 /* LaunchScreen.storyboard */ = {
			isa = PBXVariantGroup;
			children = (
				513524B2235E971300E5F4E7 /* Base */,
			);
			name = LaunchScreen.storyboard;
			sourceTree = "<group>";
		};
/* End PBXVariantGroup section */

/* Begin XCBuildConfiguration section */
		513524CB235E971300E5F4E7 /* Debug */ = {
			isa = XCBuildConfiguration;
			buildSettings = {
				ALWAYS_SEARCH_USER_PATHS = NO;
				CLANG_ANALYZER_NONNULL = YES;
				CLANG_ANALYZER_NUMBER_OBJECT_CONVERSION = YES_AGGRESSIVE;
				CLANG_CXX_LANGUAGE_STANDARD = "gnu++14";
				CLANG_CXX_LIBRARY = "libc++";
				CLANG_ENABLE_MODULES = YES;
				CLANG_ENABLE_OBJC_ARC = YES;
				CLANG_ENABLE_OBJC_WEAK = YES;
				CLANG_WARN_BLOCK_CAPTURE_AUTORELEASING = YES;
				CLANG_WARN_BOOL_CONVERSION = YES;
				CLANG_WARN_COMMA = YES;
				CLANG_WARN_CONSTANT_CONVERSION = YES;
				CLANG_WARN_DEPRECATED_OBJC_IMPLEMENTATIONS = YES;
				CLANG_WARN_DIRECT_OBJC_ISA_USAGE = YES_ERROR;
				CLANG_WARN_DOCUMENTATION_COMMENTS = YES;
				CLANG_WARN_EMPTY_BODY = YES;
				CLANG_WARN_ENUM_CONVERSION = YES;
				CLANG_WARN_INFINITE_RECURSION = YES;
				CLANG_WARN_INT_CONVERSION = YES;
				CLANG_WARN_NON_LITERAL_NULL_CONVERSION = YES;
				CLANG_WARN_OBJC_IMPLICIT_RETAIN_SELF = YES;
				CLANG_WARN_OBJC_LITERAL_CONVERSION = YES;
				CLANG_WARN_OBJC_ROOT_CLASS = YES_ERROR;
				CLANG_WARN_RANGE_LOOP_ANALYSIS = YES;
				CLANG_WARN_STRICT_PROTOTYPES = YES;
				CLANG_WARN_SUSPICIOUS_MOVE = YES;
				CLANG_WARN_UNGUARDED_AVAILABILITY = YES_AGGRESSIVE;
				CLANG_WARN_UNREACHABLE_CODE = YES;
				CLANG_WARN__DUPLICATE_METHOD_MATCH = YES;
				CODE_SIGN_IDENTITY = "iPhone Developer";
				COPY_PHASE_STRIP = NO;
				DEBUG_INFORMATION_FORMAT = dwarf;
				ENABLE_STRICT_OBJC_MSGSEND = YES;
				ENABLE_TESTABILITY = YES;
				GCC_C_LANGUAGE_STANDARD = gnu11;
				GCC_DYNAMIC_NO_PIC = NO;
				GCC_NO_COMMON_BLOCKS = YES;
				GCC_OPTIMIZATION_LEVEL = 0;
				GCC_PREPROCESSOR_DEFINITIONS = (
					"DEBUG=1",
					"$(inherited)",
				);
				GCC_WARN_64_TO_32_BIT_CONVERSION = YES;
				GCC_WARN_ABOUT_RETURN_TYPE = YES_ERROR;
				GCC_WARN_UNDECLARED_SELECTOR = YES;
				GCC_WARN_UNINITIALIZED_AUTOS = YES_AGGRESSIVE;
				GCC_WARN_UNUSED_FUNCTION = YES;
				GCC_WARN_UNUSED_VARIABLE = YES;
				IPHONEOS_DEPLOYMENT_TARGET = 11.4;
				MTL_ENABLE_DEBUG_INFO = YES;
				ONLY_ACTIVE_ARCH = YES;
				SDKROOT = iphoneos;
				SWIFT_ACTIVE_COMPILATION_CONDITIONS = DEBUG;
				SWIFT_OPTIMIZATION_LEVEL = "-Onone";
			};
			name = Debug;
		};
		513524CC235E971300E5F4E7 /* Release */ = {
			isa = XCBuildConfiguration;
			buildSettings = {
				ALWAYS_SEARCH_USER_PATHS = NO;
				CLANG_ANALYZER_NONNULL = YES;
				CLANG_ANALYZER_NUMBER_OBJECT_CONVERSION = YES_AGGRESSIVE;
				CLANG_CXX_LANGUAGE_STANDARD = "gnu++14";
				CLANG_CXX_LIBRARY = "libc++";
				CLANG_ENABLE_MODULES = YES;
				CLANG_ENABLE_OBJC_ARC = YES;
				CLANG_ENABLE_OBJC_WEAK = YES;
				CLANG_WARN_BLOCK_CAPTURE_AUTORELEASING = YES;
				CLANG_WARN_BOOL_CONVERSION = YES;
				CLANG_WARN_COMMA = YES;
				CLANG_WARN_CONSTANT_CONVERSION = YES;
				CLANG_WARN_DEPRECATED_OBJC_IMPLEMENTATIONS = YES;
				CLANG_WARN_DIRECT_OBJC_ISA_USAGE = YES_ERROR;
				CLANG_WARN_DOCUMENTATION_COMMENTS = YES;
				CLANG_WARN_EMPTY_BODY = YES;
				CLANG_WARN_ENUM_CONVERSION = YES;
				CLANG_WARN_INFINITE_RECURSION = YES;
				CLANG_WARN_INT_CONVERSION = YES;
				CLANG_WARN_NON_LITERAL_NULL_CONVERSION = YES;
				CLANG_WARN_OBJC_IMPLICIT_RETAIN_SELF = YES;
				CLANG_WARN_OBJC_LITERAL_CONVERSION = YES;
				CLANG_WARN_OBJC_ROOT_CLASS = YES_ERROR;
				CLANG_WARN_RANGE_LOOP_ANALYSIS = YES;
				CLANG_WARN_STRICT_PROTOTYPES = YES;
				CLANG_WARN_SUSPICIOUS_MOVE = YES;
				CLANG_WARN_UNGUARDED_AVAILABILITY = YES_AGGRESSIVE;
				CLANG_WARN_UNREACHABLE_CODE = YES;
				CLANG_WARN__DUPLICATE_METHOD_MATCH = YES;
				CODE_SIGN_IDENTITY = "iPhone Developer";
				COPY_PHASE_STRIP = NO;
				DEBUG_INFORMATION_FORMAT = "dwarf-with-dsym";
				ENABLE_NS_ASSERTIONS = NO;
				ENABLE_STRICT_OBJC_MSGSEND = YES;
				GCC_C_LANGUAGE_STANDARD = gnu11;
				GCC_NO_COMMON_BLOCKS = YES;
				GCC_WARN_64_TO_32_BIT_CONVERSION = YES;
				GCC_WARN_ABOUT_RETURN_TYPE = YES_ERROR;
				GCC_WARN_UNDECLARED_SELECTOR = YES;
				GCC_WARN_UNINITIALIZED_AUTOS = YES_AGGRESSIVE;
				GCC_WARN_UNUSED_FUNCTION = YES;
				GCC_WARN_UNUSED_VARIABLE = YES;
				IPHONEOS_DEPLOYMENT_TARGET = 11.4;
				MTL_ENABLE_DEBUG_INFO = NO;
				SDKROOT = iphoneos;
				SWIFT_COMPILATION_MODE = wholemodule;
				SWIFT_OPTIMIZATION_LEVEL = "-O";
				VALIDATE_PRODUCT = YES;
			};
			name = Release;
		};
		513524CE235E971300E5F4E7 /* Debug */ = {
			isa = XCBuildConfiguration;
			buildSettings = {
				ASSETCATALOG_COMPILER_APPICON_NAME = AppIcon;
				CODE_SIGN_STYLE = Automatic;
				INFOPLIST_FILE = MapView3/Info.plist;
				LD_RUNPATH_SEARCH_PATHS = (
					"$(inherited)",
					"@executable_path/Frameworks",
				);
				PRODUCT_BUNDLE_IDENTIFIER = "-0145147.MapView3";
				PRODUCT_NAME = "$(TARGET_NAME)";
				SWIFT_VERSION = 4.0;
				TARGETED_DEVICE_FAMILY = "1,2";
			};
			name = Debug;
		};
		513524CF235E971300E5F4E7 /* Release */ = {
			isa = XCBuildConfiguration;
			buildSettings = {
				ASSETCATALOG_COMPILER_APPICON_NAME = AppIcon;
				CODE_SIGN_STYLE = Automatic;
				INFOPLIST_FILE = MapView3/Info.plist;
				LD_RUNPATH_SEARCH_PATHS = (
					"$(inherited)",
					"@executable_path/Frameworks",
				);
				PRODUCT_BUNDLE_IDENTIFIER = "-0145147.MapView3";
				PRODUCT_NAME = "$(TARGET_NAME)";
				SWIFT_VERSION = 4.0;
				TARGETED_DEVICE_FAMILY = "1,2";
			};
			name = Release;
		};
		513524D1235E971300E5F4E7 /* Debug */ = {
			isa = XCBuildConfiguration;
			buildSettings = {
				ALWAYS_EMBED_SWIFT_STANDARD_LIBRARIES = YES;
				BUNDLE_LOADER = "$(TEST_HOST)";
				CODE_SIGN_STYLE = Automatic;
				INFOPLIST_FILE = MapView3Tests/Info.plist;
				LD_RUNPATH_SEARCH_PATHS = (
					"$(inherited)",
					"@executable_path/Frameworks",
					"@loader_path/Frameworks",
				);
				PRODUCT_BUNDLE_IDENTIFIER = "-0145147.MapView3Tests";
				PRODUCT_NAME = "$(TARGET_NAME)";
				SWIFT_VERSION = 4.0;
				TARGETED_DEVICE_FAMILY = "1,2";
				TEST_HOST = "$(BUILT_PRODUCTS_DIR)/MapView3.app/MapView3";
			};
			name = Debug;
		};
		513524D2235E971300E5F4E7 /* Release */ = {
			isa = XCBuildConfiguration;
			buildSettings = {
				ALWAYS_EMBED_SWIFT_STANDARD_LIBRARIES = YES;
				BUNDLE_LOADER = "$(TEST_HOST)";
				CODE_SIGN_STYLE = Automatic;
				INFOPLIST_FILE = MapView3Tests/Info.plist;
				LD_RUNPATH_SEARCH_PATHS = (
					"$(inherited)",
					"@executable_path/Frameworks",
					"@loader_path/Frameworks",
				);
				PRODUCT_BUNDLE_IDENTIFIER = "-0145147.MapView3Tests";
				PRODUCT_NAME = "$(TARGET_NAME)";
				SWIFT_VERSION = 4.0;
				TARGETED_DEVICE_FAMILY = "1,2";
				TEST_HOST = "$(BUILT_PRODUCTS_DIR)/MapView3.app/MapView3";
			};
			name = Release;
		};
		513524D4235E971300E5F4E7 /* Debug */ = {
			isa = XCBuildConfiguration;
			buildSettings = {
				ALWAYS_EMBED_SWIFT_STANDARD_LIBRARIES = YES;
				CODE_SIGN_STYLE = Automatic;
				INFOPLIST_FILE = MapView3UITests/Info.plist;
				LD_RUNPATH_SEARCH_PATHS = (
					"$(inherited)",
					"@executable_path/Frameworks",
					"@loader_path/Frameworks",
				);
				PRODUCT_BUNDLE_IDENTIFIER = "-0145147.MapView3UITests";
				PRODUCT_NAME = "$(TARGET_NAME)";
				SWIFT_VERSION = 4.0;
				TARGETED_DEVICE_FAMILY = "1,2";
				TEST_TARGET_NAME = MapView3;
			};
			name = Debug;
		};
		513524D5235E971300E5F4E7 /* Release */ = {
			isa = XCBuildConfiguration;
			buildSettings = {
				ALWAYS_EMBED_SWIFT_STANDARD_LIBRARIES = YES;
				CODE_SIGN_STYLE = Automatic;
				INFOPLIST_FILE = MapView3UITests/Info.plist;
				LD_RUNPATH_SEARCH_PATHS = (
					"$(inherited)",
					"@executable_path/Frameworks",
					"@loader_path/Frameworks",
				);
				PRODUCT_BUNDLE_IDENTIFIER = "-0145147.MapView3UITests";
				PRODUCT_NAME = "$(TARGET_NAME)";
				SWIFT_VERSION = 4.0;
				TARGETED_DEVICE_FAMILY = "1,2";
				TEST_TARGET_NAME = MapView3;
			};
			name = Release;
		};
/* End XCBuildConfiguration section */

/* Begin XCConfigurationList section */
		513524A0235E971200E5F4E7 /* Build configuration list for PBXProject "MapView3" */ = {
			isa = XCConfigurationList;
			buildConfigurations = (
				513524CB235E971300E5F4E7 /* Debug */,
				513524CC235E971300E5F4E7 /* Release */,
			);
			defaultConfigurationIsVisible = 0;
			defaultConfigurationName = Release;
		};
		513524CD235E971300E5F4E7 /* Build configuration list for PBXNativeTarget "MapView3" */ = {
			isa = XCConfigurationList;
			buildConfigurations = (
				513524CE235E971300E5F4E7 /* Debug */,
				513524CF235E971300E5F4E7 /* Release */,
			);
			defaultConfigurationIsVisible = 0;
			defaultConfigurationName = Release;
		};
		513524D0235E971300E5F4E7 /* Build configuration list for PBXNativeTarget "MapView3Tests" */ = {
			isa = XCConfigurationList;
			buildConfigurations = (
				513524D1235E971300E5F4E7 /* Debug */,
				513524D2235E971300E5F4E7 /* Release */,
			);
			defaultConfigurationIsVisible = 0;
			defaultConfigurationName = Release;
		};
		513524D3235E971300E5F4E7 /* Build configuration list for PBXNativeTarget "MapView3UITests" */ = {
			isa = XCConfigurationList;
			buildConfigurations = (
				513524D4235E971300E5F4E7 /* Debug */,
				513524D5235E971300E5F4E7 /* Release */,
			);
			defaultConfigurationIsVisible = 0;
			defaultConfigurationName = Release;
		};
/* End XCConfigurationList section */
	};
	rootObject = 5135249D235E971200E5F4E7 /* Project object */;
}
